// !$*UTF8*$!
{
	archiveVersion = 1;
	classes = {
	};
	objectVersion = 77;
	objects = {

/* Begin PBXBuildFile section */
		015E49FCCDF541EF7BAF2717 /* PointCloudAdaptiveDensity.swift in Sources */ = {isa = PBXBuildFile; fileRef = 59EFAD4C86A342D836FA0401 /* PointCloudAdaptiveDensity.swift */; };
		019F9B997E479751D4616734 /* SegmenterAndBakerTests.swift in Sources */ = {isa = PBXBuildFile; fileRef = 7B3B80CFF27E9440E13349A9 /* SegmenterAndBakerTests.swift */; };
		02153C84F4F4A1B1716CB464 /* SpatialScanViewModel+Intelligence.swift in Sources */ = {isa = PBXBuildFile; fileRef = BCADE92CBB09E6026519950F /* SpatialScanViewModel+Intelligence.swift */; };
		027165A1251D53F4E423641D /* DepthMathTests.swift in Sources */ = {isa = PBXBuildFile; fileRef = FF62A738138B4CB3D190CFED /* DepthMathTests.swift */; };
		02A494A868276E3E592F3CA9 /* PointCloud.metal in Sources */ = {isa = PBXBuildFile; fileRef = B79A739B274F479D1A7EBF38 /* PointCloud.metal */; };
		04176748F791D58900FF40C6 /* WebViewerExporter.swift in Sources */ = {isa = PBXBuildFile; fileRef = 9B752F356CA201C258AE4E09 /* WebViewerExporter.swift */; };
		05A9A1339AE106C19F2830C8 /* ScanFavorites.swift in Sources */ = {isa = PBXBuildFile; fileRef = 95E28D541F7C0F0888156648 /* ScanFavorites.swift */; };
		05F8FB8A2A91294765C4DC37 /* EffectRenderer.swift in Sources */ = {isa = PBXBuildFile; fileRef = 2BFD11663DFA052A53EB5229 /* EffectRenderer.swift */; };
		0669EFD7296E49CDAD406497 /* RoomPlanScan.swift in Sources */ = {isa = PBXBuildFile; fileRef = 3E35E1B93E5B5691CF9805DB /* RoomPlanScan.swift */; };
		0A1E75E52D0DD7575F70747C /* StudioObject.swift in Sources */ = {isa = PBXBuildFile; fileRef = 4063F4C2FBB37FCD6BEDE7A5 /* StudioObject.swift */; };
		0A9F055CBF6868A1BFBB6EF0 /* MeshWeldTests.swift in Sources */ = {isa = PBXBuildFile; fileRef = 2D89AAA63A09E0EA1C84BC39 /* MeshWeldTests.swift */; };
		0C10A2A10DDB2A8879FFD1F6 /* VisionGeometryTests.swift in Sources */ = {isa = PBXBuildFile; fileRef = 65DE01E4B06A2BB14A4378F5 /* VisionGeometryTests.swift */; };
		0C7BB02CF90FE31F4FCAE121 /* ScanStoreTests.swift in Sources */ = {isa = PBXBuildFile; fileRef = FA733FF5E9D0BA7A5FC8D86C /* ScanStoreTests.swift */; };
		0DC11EA0151BD92BE109DC78 /* LiveDepthCameraView.swift in Sources */ = {isa = PBXBuildFile; fileRef = D06920F2AFE9360A58D85575 /* LiveDepthCameraView.swift */; };
		0E00F613A9EC73615C63CCAA /* PointCloudUSDZExporter.swift in Sources */ = {isa = PBXBuildFile; fileRef = DABABCA50B1DE4B291534C3C /* PointCloudUSDZExporter.swift */; };
		114B7494320F51AAAFEFF4D3 /* MeshClassification.swift in Sources */ = {isa = PBXBuildFile; fileRef = 4EB6B06A14664B4F23A78AE2 /* MeshClassification.swift */; };
		14B79DE598AF68B1C8ECF1A1 /* DepthEffect.swift in Sources */ = {isa = PBXBuildFile; fileRef = 41DD9DB463ED84076B7D8653 /* DepthEffect.swift */; };
		1885133A880EAED0468B6E6A /* StudioStageTests.swift in Sources */ = {isa = PBXBuildFile; fileRef = 563EA75FDF0CD24697DCBCDB /* StudioStageTests.swift */; };
		21F81EB31AE3A732AC736C87 /* MetalContext.swift in Sources */ = {isa = PBXBuildFile; fileRef = 3AE86F5C4423E4AAC8CED66F /* MetalContext.swift */; };
		22CD288881326F54DF7EEFCB /* GuidedObjectCapture.swift in Sources */ = {isa = PBXBuildFile; fileRef = 3B80A3CC857E3D1DBC13CD95 /* GuidedObjectCapture.swift */; };
		25E0B0CDC04745351633A4D3 /* AppRouter.swift in Sources */ = {isa = PBXBuildFile; fileRef = 0901A8A60AEC71432C1F4D1A /* AppRouter.swift */; };
		25FFA8137F0D8DBDDDD6298E /* MeshHoleFillerTests.swift in Sources */ = {isa = PBXBuildFile; fileRef = 6509682788F948D124988FC5 /* MeshHoleFillerTests.swift */; };
		27C3628F49ABDD5FAFBD88F3 /* Controls.swift in Sources */ = {isa = PBXBuildFile; fileRef = D90509258EFEC61ABF9AD199 /* Controls.swift */; };
		287DB4514EE1A00AC7E8EFFA /* PointCloudSampler.swift in Sources */ = {isa = PBXBuildFile; fileRef = 5D94785BB30B9D9F070EFD5F /* PointCloudSampler.swift */; };
		28B010ABF76FEE523BACF68C /* SettingsView.swift in Sources */ = {isa = PBXBuildFile; fileRef = 696F2C96B987C20EEA366075 /* SettingsView.swift */; };
		2926E9372034999417CA7440 /* MeasureOverlayRenderer.swift in Sources */ = {isa = PBXBuildFile; fileRef = 3B46489DB0D4501093DDB0E1 /* MeasureOverlayRenderer.swift */; };
		2CE540CF74857EE45CC82886 /* ScanStore.swift in Sources */ = {isa = PBXBuildFile; fileRef = F4D5B06872670CC14E4BA9CF /* ScanStore.swift */; };
		2DA0D463619FD809DEEAC8BD /* PointCloudDenoiser.swift in Sources */ = {isa = PBXBuildFile; fileRef = 43AB3C7893C2C6B3F183F461 /* PointCloudDenoiser.swift */; };
		2ECD3BAEB6915AA8E0AC5D1C /* ScanComputeUnprojector.swift in Sources */ = {isa = PBXBuildFile; fileRef = E635E45828AD413ADE6EAE98 /* ScanComputeUnprojector.swift */; };
		35C2C4610D818FB1CF20F090 /* CapabilitiesView.swift in Sources */ = {isa = PBXBuildFile; fileRef = 4C773AF6E37ECDA09A0CB00E /* CapabilitiesView.swift */; };
		371AD370C91AE32329020A74 /* MetalPointCloudView.swift in Sources */ = {isa = PBXBuildFile; fileRef = 0CFC19240682AD161B3753BC /* MetalPointCloudView.swift */; };
		3A7F75830B5BFE9E362AB744 /* ScanLibrary.swift in Sources */ = {isa = PBXBuildFile; fileRef = 717F8BAFE02A008628120A27 /* ScanLibrary.swift */; };
		3CBA61BE82B3F5C3E73C6002 /* SubjectCutout.swift in Sources */ = {isa = PBXBuildFile; fileRef = 6D5E04959BA7AD89B0614F8C /* SubjectCutout.swift */; };
		3F4A5E719FEFA76BEEC46785 /* PhotoTextureBaker.swift in Sources */ = {isa = PBXBuildFile; fileRef = EEE03EF0FC2F3D1C3B8CAD77 /* PhotoTextureBaker.swift */; };
		4255C091776445D669398DC5 /* SurfaceMaskTests.swift in Sources */ = {isa = PBXBuildFile; fileRef = 37BA39A634069FFEA6DC49BE /* SurfaceMaskTests.swift */; };
		42E75A12650AEAE106061802 /* TexturedMeshExporter.swift in Sources */ = {isa = PBXBuildFile; fileRef = 17F9713E2AE5AB45C2C77AA2 /* TexturedMeshExporter.swift */; };
		459452FCAEDF2CFFE071AA5E /* SmoothSurfaceReconstructor.swift in Sources */ = {isa = PBXBuildFile; fileRef = C7856957E5796454447A9FDB /* SmoothSurfaceReconstructor.swift */; };
		46FC5F7098E9AEFD3B826651 /* SubjectMasker.swift in Sources */ = {isa = PBXBuildFile; fileRef = 99658214DB2D94EDEF1F79FB /* SubjectMasker.swift */; };
		4770E07EDB174167F7B3FE89 /* ArcballCamera.swift in Sources */ = {isa = PBXBuildFile; fileRef = F2ABCB84CA6F74E19DF208E3 /* ArcballCamera.swift */; };
		48C0D56BF5F0F8E5F290A241 /* OrbitCamera.swift in Sources */ = {isa = PBXBuildFile; fileRef = F13A27AEC07BD50AC01ED21F /* OrbitCamera.swift */; };
		48E3393B1123B28D27533824 /* ScanAutoSave.swift in Sources */ = {isa = PBXBuildFile; fileRef = 4036AE53900C9B1B913693EE /* ScanAutoSave.swift */; };
		4955E9A9DD3951A257E2B380 /* RootView.swift in Sources */ = {isa = PBXBuildFile; fileRef = AB3D481CEAA374EB41B92B6C /* RootView.swift */; };
		49850250225C64C57BFC8C1D /* SurfaceMask.swift in Sources */ = {isa = PBXBuildFile; fileRef = 159341B65186CECBA48F6ADC /* SurfaceMask.swift */; };
		498F818DBFC55647BAB0C7E9 /* Concurrency.swift in Sources */ = {isa = PBXBuildFile; fileRef = B4D41660DE2356CD0E1FDC42 /* Concurrency.swift */; };
		4ABFEC6288B5CEE283394918 /* MediaSaver.swift in Sources */ = {isa = PBXBuildFile; fileRef = 2C73A7E6BF0D140F1B3226C4 /* MediaSaver.swift */; };
		4D7DB84C5308F3F584376190 /* RGBDExporter.swift in Sources */ = {isa = PBXBuildFile; fileRef = 91E4369B1264A0F0413CE8E7 /* RGBDExporter.swift */; };
		4E2C77444CC875FF42FFC89A /* ScanKeyframe.swift in Sources */ = {isa = PBXBuildFile; fileRef = 933476556885FC4818D7CC03 /* ScanKeyframe.swift */; };
		4ED0253E61BF3844DB76B1D9 /* ModelStudioEngine.swift in Sources */ = {isa = PBXBuildFile; fileRef = 34AE4C0762D200DD69246C0C /* ModelStudioEngine.swift */; };
		4F8EAB7D9BF7CE1C0641567E /* ShareSheet.swift in Sources */ = {isa = PBXBuildFile; fileRef = D2B63D2E106DBDE6BF63C848 /* ShareSheet.swift */; };
		51B662C28D5D954D99F41D3F /* AppSettings.swift in Sources */ = {isa = PBXBuildFile; fileRef = 7DE8670C6EE0B71D5D0C82F9 /* AppSettings.swift */; };
		51F368C9026B9ADC1B3ED774 /* PhotoLook.swift in Sources */ = {isa = PBXBuildFile; fileRef = DB2387B81AA6EB7189D17856 /* PhotoLook.swift */; };
		538D00AF7CADA13E426A974F /* WebViewerRuntime.js in Resources */ = {isa = PBXBuildFile; fileRef = E6305EDCFA5C2A9106A16FEF /* WebViewerRuntime.js */; };
		5631743553AF5B0035A05C55 /* ObjectCaptureEntry.swift in Sources */ = {isa = PBXBuildFile; fileRef = C729E1D21049BA954EAB836F /* ObjectCaptureEntry.swift */; };
		56887B4971658A8CC8DBBA69 /* Assets.xcassets in Resources */ = {isa = PBXBuildFile; fileRef = F0E6AF13CC6C0AA0697D64EB /* Assets.xcassets */; };
		57BC4524C8A74E0B05106F4E /* MeshData.swift in Sources */ = {isa = PBXBuildFile; fileRef = 2D79A6B12B8D38C17B3EF355 /* MeshData.swift */; };
		5875BCFB4AC30A5104FFFD7D /* ARQuickLookView.swift in Sources */ = {isa = PBXBuildFile; fileRef = AE834AD3DA9D5DE0F5A6758E /* ARQuickLookView.swift */; };
		59B1D67CF7D8F30EEA4F2E0A /* MagicCameraApp.swift in Sources */ = {isa = PBXBuildFile; fileRef = A617787FDA0F9288274C7711 /* MagicCameraApp.swift */; };
		5A5DEDB9130F669F38B8EE65 /* ObjectDetection.swift in Sources */ = {isa = PBXBuildFile; fileRef = 46D766DAF03515189C9D9D7C /* ObjectDetection.swift */; };
		5B7EFBF047BF38F4AF52A85E /* LiveDepthCameraViewModel.swift in Sources */ = {isa = PBXBuildFile; fileRef = E8F9E8C5C1207C2B4F9D0538 /* LiveDepthCameraViewModel.swift */; };
		5DC6C0FEE6B0B7250654C042 /* MeshStore.swift in Sources */ = {isa = PBXBuildFile; fileRef = 21905AC79BA79CB06C13F1B0 /* MeshStore.swift */; };
		5EA8A3B46052BBF222C95723 /* QualityAndDensityTests.swift in Sources */ = {isa = PBXBuildFile; fileRef = 817EBD106E335EE1F2E8C147 /* QualityAndDensityTests.swift */; };
		61D8DBC0D0AF873C33F8D493 /* PointCloudMesher.swift in Sources */ = {isa = PBXBuildFile; fileRef = 0D25F9B9201376F22F995B6F /* PointCloudMesher.swift */; };
		68414BCE7825F2CD67CF8F97 /* StudioPrimitiveTests.swift in Sources */ = {isa = PBXBuildFile; fileRef = 6605EEAD2F84E5C8D519062C /* StudioPrimitiveTests.swift */; };
		69508C9527808FC5DAE235F2 /* Haptics.swift in Sources */ = {isa = PBXBuildFile; fileRef = 01E5952D83898F4B78B10379 /* Haptics.swift */; };
		69EAB54B73E0F34B658C6B70 /* StudioPrimitives.swift in Sources */ = {isa = PBXBuildFile; fileRef = 63F0769B58B4FE2F8A63B236 /* StudioPrimitives.swift */; };
		6C0208DE20137E8038BD6B13 /* Math+Matrix.swift in Sources */ = {isa = PBXBuildFile; fileRef = 77935C1FE62F802A089BB872 /* Math+Matrix.swift */; };
		6CC841C4C0D993B083741FBD /* PointCloudSceneBuilder.swift in Sources */ = {isa = PBXBuildFile; fileRef = 3087366185278CFA1A8CFC2F /* PointCloudSceneBuilder.swift */; };
		6D388934E88FDDFF1877AD12 /* ARViewerView.swift in Sources */ = {isa = PBXBuildFile; fileRef = 5516DB67A7AF95CC398564C8 /* ARViewerView.swift */; };
		6F44CB03F36EC61FE0E98807 /* KeyframeSubjectFilter.swift in Sources */ = {isa = PBXBuildFile; fileRef = 7F7511387CD8BDAFA5FAE007 /* KeyframeSubjectFilter.swift */; };
		7123410E2402D201CBA16F3D /* ScanARView.swift in Sources */ = {isa = PBXBuildFile; fileRef = 8E7EFB9657D415742D8208F7 /* ScanARView.swift */; };
		728CBED01F2F026A6A289C1F /* DimensionExporter.swift in Sources */ = {isa = PBXBuildFile; fileRef = C48F44489B0B4202398106C0 /* DimensionExporter.swift */; };
		7A0AB446508A92F90639E9E3 /* MeshHoleFiller.swift in Sources */ = {isa = PBXBuildFile; fileRef = E5537CCF6414AE2E1DD6C40D /* MeshHoleFiller.swift */; };
		7BB07C981344967A4CE2D9A6 /* MeshExporter.swift in Sources */ = {isa = PBXBuildFile; fileRef = 795DA6CA37511EF69D510A08 /* MeshExporter.swift */; };
		7E1F8958B3333CD4F7465953 /* MeshDecimator.swift in Sources */ = {isa = PBXBuildFile; fileRef = 721834427CADAAADE5345841 /* MeshDecimator.swift */; };
		80D399912C1201B91D76E2A8 /* StageStore.swift in Sources */ = {isa = PBXBuildFile; fileRef = 5A010813F546472ECD5176AA /* StageStore.swift */; };
		87608A6DD067211F0EA5F3B2 /* MeshTextureBaker.swift in Sources */ = {isa = PBXBuildFile; fileRef = 87A2919449DA3AED15787112 /* MeshTextureBaker.swift */; };
		8CE03FA2F802CFF405EE4A7A /* ModelStudioViewModel.swift in Sources */ = {isa = PBXBuildFile; fileRef = 2C04B22D0767C02F3201CD0F /* ModelStudioViewModel.swift */; };
		8F000F67E1457B820C8A8A11 /* CapturedRoomMesh.swift in Sources */ = {isa = PBXBuildFile; fileRef = AC75141533BB9E9BA776BC96 /* CapturedRoomMesh.swift */; };
		8F7AE21AC3E0D4020C123596 /* Math+Unproject.swift in Sources */ = {isa = PBXBuildFile; fileRef = FF24871B84C9C31DE24AED21 /* Math+Unproject.swift */; };
		91C7F8570177B76E163DE114 /* DepthEngine.swift in Sources */ = {isa = PBXBuildFile; fileRef = ADC226303F1A6D15597F1605 /* DepthEngine.swift */; };
		9260F6300E1AD8F76440CA04 /* CaptureQuality.swift in Sources */ = {isa = PBXBuildFile; fileRef = 9DE64D1B3F2BBF78CA732D6B /* CaptureQuality.swift */; };
		92C9A145D21E595B9903EC1F /* Theme.swift in Sources */ = {isa = PBXBuildFile; fileRef = 91473CE77076A9BB1936047C /* Theme.swift */; };
		94C9B67300FAD0FB780770F2 /* GPUPointProcessor.swift in Sources */ = {isa = PBXBuildFile; fileRef = F28DB0136AACA5472E126C34 /* GPUPointProcessor.swift */; };
		9A885EEE3823110E2A1E5B03 /* USDZMeshImporter.swift in Sources */ = {isa = PBXBuildFile; fileRef = B8FE874FDCD461092C933924 /* USDZMeshImporter.swift */; };
		9B40A12C7F5E986897829659 /* MeshGLBExporter.swift in Sources */ = {isa = PBXBuildFile; fileRef = B33C1811343505299ADA5732 /* MeshGLBExporter.swift */; };
		9B6558FD47152523231A7F43 /* Thumbnails.swift in Sources */ = {isa = PBXBuildFile; fileRef = 8222FBF598CB358D9E31E8CD /* Thumbnails.swift */; };
		9F4A180230FDCD69FB1D317A /* DeviceCapabilities.swift in Sources */ = {isa = PBXBuildFile; fileRef = 0DBA7E81CEC527186E76630C /* DeviceCapabilities.swift */; };
		9FBDA62D504C51D786BF95F9 /* PointCloudExporter.swift in Sources */ = {isa = PBXBuildFile; fileRef = 519C4E3A985646086E213DFD /* PointCloudExporter.swift */; };
		A00841D83C1554D70AE110A7 /* TextureAtlas.swift in Sources */ = {isa = PBXBuildFile; fileRef = DCFE549D7D84509A70E8B4DC /* TextureAtlas.swift */; };
		A139B782FF2EFB8D9E50BDA3 /* FloorPlanPDFExporter.swift in Sources */ = {isa = PBXBuildFile; fileRef = 263FDC094659A5307FB23E1F /* FloorPlanPDFExporter.swift */; };
		A442DCAC1E3EBFE3CB18E766 /* ScanCompute.metal in Sources */ = {isa = PBXBuildFile; fileRef = 6FBBE6E0113D30DF86CB10E1 /* ScanCompute.metal */; };
		A85B436CA1602D88D3C1318E /* ObjectDetector.swift in Sources */ = {isa = PBXBuildFile; fileRef = D81A7B53F2371BCD4F0CE98D /* ObjectDetector.swift */; };
		A923ABF257806AB456A68608 /* PointCloudExporterTests.swift in Sources */ = {isa = PBXBuildFile; fileRef = 8DF4F23EC3513ADD8721A83F /* PointCloudExporterTests.swift */; };
		A94E2F1FAEED9988174CA5CF /* SpatialScanReviewTools.swift in Sources */ = {isa = PBXBuildFile; fileRef = 2B9D523836D31BCA3A3EE8F5 /* SpatialScanReviewTools.swift */; };
		AB7087B7FF552C2BCC7671B7 /* ReconstructionTests.swift in Sources */ = {isa = PBXBuildFile; fileRef = 0536F891ED5128F71F4BCDDD /* ReconstructionTests.swift */; };
		AC388F67A89DF7484F3D9985 /* VisionGeometry.swift in Sources */ = {isa = PBXBuildFile; fileRef = 83593685C0718F4D11AA2213 /* VisionGeometry.swift */; };
		AC48864F08300CC8624D4999 /* EffectModelTests.swift in Sources */ = {isa = PBXBuildFile; fileRef = 2252B230692CDC5C4729AEEC /* EffectModelTests.swift */; };
		AD2C6839E491F921908A2142 /* MetalTextureFactory.swift in Sources */ = {isa = PBXBuildFile; fileRef = A835D9FDFAEEA21B5BDD3050 /* MetalTextureFactory.swift */; };
		AD5688344004B7EE129A1B9C /* MetalDepthView.swift in Sources */ = {isa = PBXBuildFile; fileRef = 985CDE474E2284BC678CF27E /* MetalDepthView.swift */; };
		AF57D80F3F1DA00C3E21EAD1 /* FileStore.swift in Sources */ = {isa = PBXBuildFile; fileRef = 6E0216907F590E5EC4A465A4 /* FileStore.swift */; };
		B2A7B1AF69A7D6040EE0C77B /* ScanIntelligence.swift in Sources */ = {isa = PBXBuildFile; fileRef = 694990EC6B20F13A3B34769B /* ScanIntelligence.swift */; };
		B33F8FA32E3E728FFC94C7F7 /* AppShortcuts.swift in Sources */ = {isa = PBXBuildFile; fileRef = A2B33DF05DFD1910827FBABE /* AppShortcuts.swift */; };
		B415507BF9FABC6206A87209 /* ThumbnailRenderer.swift in Sources */ = {isa = PBXBuildFile; fileRef = 29D0255D17C54047E9813EBB /* ThumbnailRenderer.swift */; };
		B8AEC6EE7AB43490FE69CEB5 /* RoomCombinedView.swift in Sources */ = {isa = PBXBuildFile; fileRef = 9AE2D5B7550BA0E840DFCAE9 /* RoomCombinedView.swift */; };
		BC797AA82C88C7F85D004615 /* DepthSampler.swift in Sources */ = {isa = PBXBuildFile; fileRef = 4B610A011EFF92426691BF19 /* DepthSampler.swift */; };
		C54BED9C7EE7C149886A910F /* ModelStudioView.swift in Sources */ = {isa = PBXBuildFile; fileRef = AE96C7A739EC4FC989D12466 /* ModelStudioView.swift */; };
		C77B4821B0F259177DF082FE /* MeshGLBExporterTests.swift in Sources */ = {isa = PBXBuildFile; fileRef = E81A2015CD9B13FBFF333DC4 /* MeshGLBExporterTests.swift */; };
		C82EF48DDB997D9407AA57E6 /* ICPRegistration.swift in Sources */ = {isa = PBXBuildFile; fileRef = 66922669CA7FFE0A94D3797F /* ICPRegistration.swift */; };
		CE731B6BD1ACC48DDE06BF1C /* CameraImageOrientation.swift in Sources */ = {isa = PBXBuildFile; fileRef = 6137831C186ACAA9A9FF98BD /* CameraImageOrientation.swift */; };
		D6B081F5C6C7FFE1CF066F14 /* ScanGalleryView.swift in Sources */ = {isa = PBXBuildFile; fileRef = C7B15F0BEA806B3C54453D37 /* ScanGalleryView.swift */; };
		D98996FA6F757553629A2025 /* FloorPlanBuilder.swift in Sources */ = {isa = PBXBuildFile; fileRef = CA2110D6CEA22BDBF7AFC965 /* FloorPlanBuilder.swift */; };
		DBFD1F09C6D3D936FD31D118 /* WiggleVideoBuilder.swift in Sources */ = {isa = PBXBuildFile; fileRef = E94121AE9A32FC4B7E1824C9 /* WiggleVideoBuilder.swift */; };
		DFBBAC5A58EBCE661DB3C384 /* ObjectScanCoach.swift in Sources */ = {isa = PBXBuildFile; fileRef = 19246BFE42FBE9C99F9FB9AB /* ObjectScanCoach.swift */; };
		E1AB5546D476AC2BD1620B2E /* PointCloud.swift in Sources */ = {isa = PBXBuildFile; fileRef = 465369371FF51D1A89CF58EA /* PointCloud.swift */; };
		E274A09AD17546A45D4886A0 /* SpatialScanViewModel+Export.swift in Sources */ = {isa = PBXBuildFile; fileRef = E841D31096645912B391009D /* SpatialScanViewModel+Export.swift */; };
		E55EE8005EEC0F15583F9159 /* GPUTextureBaker.swift in Sources */ = {isa = PBXBuildFile; fileRef = 55166ABBE51124B3FFADC7E0 /* GPUTextureBaker.swift */; };
		E6ABCBEE405CBA6E652369AE /* MeshOptimizer.swift in Sources */ = {isa = PBXBuildFile; fileRef = 39760F13220E422CDE7480C4 /* MeshOptimizer.swift */; };
		E7D3C947115C6BAE7E198E00 /* MeshBoolean.swift in Sources */ = {isa = PBXBuildFile; fileRef = 667D6C70A04E38E8A9CD0E2C /* MeshBoolean.swift */; };
		E89D1ABD6E6E637BCE400420 /* MarchingCubes.swift in Sources */ = {isa = PBXBuildFile; fileRef = FE4209C7489AB20AF1D4F03D /* MarchingCubes.swift */; };
		E9441523A04A26AE3C268795 /* SpatialScanView.swift in Sources */ = {isa = PBXBuildFile; fileRef = BE082923456131BFCEEE8F47 /* SpatialScanView.swift */; };
		EB2DC434B71123C2294C8C94 /* VideoRecorder.swift in Sources */ = {isa = PBXBuildFile; fileRef = BA78B0D0F253B4F9814A02ED /* VideoRecorder.swift */; };
		EDD3F0EA9875B569E3DCB607 /* ModelStudioRenderer.swift in Sources */ = {isa = PBXBuildFile; fileRef = 4B65B6C1A3AB3A405071191F /* ModelStudioRenderer.swift */; };
		EE65F79AE3BAEE1B3A708C7C /* FloorPlanView.swift in Sources */ = {isa = PBXBuildFile; fileRef = 77D95AB8A2A05F9EA20733D7 /* FloorPlanView.swift */; };
		EE7FA28C461457769CED7577 /* PointCloudMetalRenderer.swift in Sources */ = {isa = PBXBuildFile; fileRef = 97D168F71D9B7567EEC27985 /* PointCloudMetalRenderer.swift */; };
		EFA16AE31621C40532530C57 /* Diagnostics.swift in Sources */ = {isa = PBXBuildFile; fileRef = FBC41E4CDFB1ACE67A105705 /* Diagnostics.swift */; };
		F11F9C900652C127C542DF63 /* StudioAutoSave.swift in Sources */ = {isa = PBXBuildFile; fileRef = 632B2E2EAE1721E0B6F551CA /* StudioAutoSave.swift */; };
		F178F2C90C265AEF655A258C /* Effects.metal in Sources */ = {isa = PBXBuildFile; fileRef = 0B819ECE23394BE585CF5928 /* Effects.metal */; };
		F1CA278A035CC1FD40468EEE /* MeshViewer.swift in Sources */ = {isa = PBXBuildFile; fileRef = 9AC87B7528276A7827D3FFD2 /* MeshViewer.swift */; };
		F284221168C956157A1724D1 /* SpatialScanViewModel.swift in Sources */ = {isa = PBXBuildFile; fileRef = 85EA103F30F224E44CF9802D /* SpatialScanViewModel.swift */; };
		F39EFE08B44BE931AEF6F6CA /* SensorInfo.swift in Sources */ = {isa = PBXBuildFile; fileRef = 40EFD06088C2EE4D813A1314 /* SensorInfo.swift */; };
		F4F3E8DB03F168DDD4749A6A /* BallPivotingMesher.swift in Sources */ = {isa = PBXBuildFile; fileRef = A4611C36D33823377026E50B /* BallPivotingMesher.swift */; };
		F564485EFC0C4149442DD3CA /* PointCloudSegmenter.swift in Sources */ = {isa = PBXBuildFile; fileRef = 8730DDD93AD3DCF1DC32E798 /* PointCloudSegmenter.swift */; };
		F5E5C61D45054672FA4A2BD4 /* OrbitCoverageRing.swift in Sources */ = {isa = PBXBuildFile; fileRef = 0F4735212B39E00A7FAF5BDC /* OrbitCoverageRing.swift */; };
		F78C6DA45B3CEC5948D55118 /* PointCloudTests.swift in Sources */ = {isa = PBXBuildFile; fileRef = 913290ED1C7E3429F32D567F /* PointCloudTests.swift */; };
		F92B846C32942F3F395A6FBA /* ViewDirectionRecoveryTests.swift in Sources */ = {isa = PBXBuildFile; fileRef = 3859F865BDB99C27E91C49D2 /* ViewDirectionRecoveryTests.swift */; };
		F984074FEC63596FB5CCA650 /* UnsupportedView.swift in Sources */ = {isa = PBXBuildFile; fileRef = BD99F40B8374556B493B9A6B /* UnsupportedView.swift */; };
		F9FB3986E15B9EA9BBB9940D /* TurntableVideoBuilder.swift in Sources */ = {isa = PBXBuildFile; fileRef = 2F6B549012709D6651509F57 /* TurntableVideoBuilder.swift */; };
		F9FB585258631B86B21AB60E /* ScanRecorderTests.swift in Sources */ = {isa = PBXBuildFile; fileRef = FD58FE4AD9A480A1FDAAA90D /* ScanRecorderTests.swift */; };
		FD7892B0192CCC796A77D621 /* MeshSceneBuilder.swift in Sources */ = {isa = PBXBuildFile; fileRef = C24D5368625DEC142FE4891E /* MeshSceneBuilder.swift */; };
		FDB7AF836738EA21AD4061B5 /* ModelStudioBaker.swift in Sources */ = {isa = PBXBuildFile; fileRef = 8E3F17DA274A51EA9D8575B2 /* ModelStudioBaker.swift */; };
		FDF3E62F0C99232D97802B85 /* StudioLine.swift in Sources */ = {isa = PBXBuildFile; fileRef = F4CE1D9FD740AA101FDE5D73 /* StudioLine.swift */; };
		FF90EFA69689FE2C78D00F29 /* SpatialScanViewModel+Editing.swift in Sources */ = {isa = PBXBuildFile; fileRef = 6DEEB92662D8D90B83396699 /* SpatialScanViewModel+Editing.swift */; };
		FFBB9BDE6F17F886AF3FC901 /* ScanRecorder.swift in Sources */ = {isa = PBXBuildFile; fileRef = EFEE5BF3A8EBFE59B0F91782 /* ScanRecorder.swift */; };
/* End PBXBuildFile section */

/* Begin PBXContainerItemProxy section */
		A1E61B74ABE01CB93CED6D7A /* PBXContainerItemProxy */ = {
			isa = PBXContainerItemProxy;
			containerPortal = 6C2AFBDAD6EEF41EE85D9EB6 /* Project object */;
			proxyType = 1;
			remoteGlobalIDString = D70FC0D14277FD4ED6B1C763;
			remoteInfo = MagicCamera;
		};
/* End PBXContainerItemProxy section */

/* Begin PBXFileReference section */
		01E5952D83898F4B78B10379 /* Haptics.swift */ = {isa = PBXFileReference; lastKnownFileType = sourcecode.swift; path = Haptics.swift; sourceTree = "<group>"; };
		0536F891ED5128F71F4BCDDD /* ReconstructionTests.swift */ = {isa = PBXFileReference; lastKnownFileType = sourcecode.swift; path = ReconstructionTests.swift; sourceTree = "<group>"; };
		0901A8A60AEC71432C1F4D1A /* AppRouter.swift */ = {isa = PBXFileReference; lastKnownFileType = sourcecode.swift; path = AppRouter.swift; sourceTree = "<group>"; };
		0B819ECE23394BE585CF5928 /* Effects.metal */ = {isa = PBXFileReference; lastKnownFileType = sourcecode.metal; path = Effects.metal; sourceTree = "<group>"; };
		0CFC19240682AD161B3753BC /* MetalPointCloudView.swift */ = {isa = PBXFileReference; lastKnownFileType = sourcecode.swift; path = MetalPointCloudView.swift; sourceTree = "<group>"; };
		0D25F9B9201376F22F995B6F /* PointCloudMesher.swift */ = {isa = PBXFileReference; lastKnownFileType = sourcecode.swift; path = PointCloudMesher.swift; sourceTree = "<group>"; };
		0DBA7E81CEC527186E76630C /* DeviceCapabilities.swift */ = {isa = PBXFileReference; lastKnownFileType = sourcecode.swift; path = DeviceCapabilities.swift; sourceTree = "<group>"; };
		0F4735212B39E00A7FAF5BDC /* OrbitCoverageRing.swift */ = {isa = PBXFileReference; lastKnownFileType = sourcecode.swift; path = OrbitCoverageRing.swift; sourceTree = "<group>"; };
		159341B65186CECBA48F6ADC /* SurfaceMask.swift */ = {isa = PBXFileReference; lastKnownFileType = sourcecode.swift; path = SurfaceMask.swift; sourceTree = "<group>"; };
		17F9713E2AE5AB45C2C77AA2 /* TexturedMeshExporter.swift */ = {isa = PBXFileReference; lastKnownFileType = sourcecode.swift; path = TexturedMeshExporter.swift; sourceTree = "<group>"; };
		19246BFE42FBE9C99F9FB9AB /* ObjectScanCoach.swift */ = {isa = PBXFileReference; lastKnownFileType = sourcecode.swift; path = ObjectScanCoach.swift; sourceTree = "<group>"; };
		21905AC79BA79CB06C13F1B0 /* MeshStore.swift */ = {isa = PBXFileReference; lastKnownFileType = sourcecode.swift; path = MeshStore.swift; sourceTree = "<group>"; };
		2252B230692CDC5C4729AEEC /* EffectModelTests.swift */ = {isa = PBXFileReference; lastKnownFileType = sourcecode.swift; path = EffectModelTests.swift; sourceTree = "<group>"; };
		243F83B455154E496160F598 /* BridgingHeader.h */ = {isa = PBXFileReference; lastKnownFileType = sourcecode.c.h; path = BridgingHeader.h; sourceTree = "<group>"; };
		263FDC094659A5307FB23E1F /* FloorPlanPDFExporter.swift */ = {isa = PBXFileReference; lastKnownFileType = sourcecode.swift; path = FloorPlanPDFExporter.swift; sourceTree = "<group>"; };
		29D0255D17C54047E9813EBB /* ThumbnailRenderer.swift */ = {isa = PBXFileReference; lastKnownFileType = sourcecode.swift; path = ThumbnailRenderer.swift; sourceTree = "<group>"; };
		2B9D523836D31BCA3A3EE8F5 /* SpatialScanReviewTools.swift */ = {isa = PBXFileReference; lastKnownFileType = sourcecode.swift; path = SpatialScanReviewTools.swift; sourceTree = "<group>"; };
		2BFD11663DFA052A53EB5229 /* EffectRenderer.swift */ = {isa = PBXFileReference; lastKnownFileType = sourcecode.swift; path = EffectRenderer.swift; sourceTree = "<group>"; };
		2C04B22D0767C02F3201CD0F /* ModelStudioViewModel.swift */ = {isa = PBXFileReference; lastKnownFileType = sourcecode.swift; path = ModelStudioViewModel.swift; sourceTree = "<group>"; };
		2C73A7E6BF0D140F1B3226C4 /* MediaSaver.swift */ = {isa = PBXFileReference; lastKnownFileType = sourcecode.swift; path = MediaSaver.swift; sourceTree = "<group>"; };
		2D79A6B12B8D38C17B3EF355 /* MeshData.swift */ = {isa = PBXFileReference; lastKnownFileType = sourcecode.swift; path = MeshData.swift; sourceTree = "<group>"; };
		2D89AAA63A09E0EA1C84BC39 /* MeshWeldTests.swift */ = {isa = PBXFileReference; lastKnownFileType = sourcecode.swift; path = MeshWeldTests.swift; sourceTree = "<group>"; };
		2F6B549012709D6651509F57 /* TurntableVideoBuilder.swift */ = {isa = PBXFileReference; lastKnownFileType = sourcecode.swift; path = TurntableVideoBuilder.swift; sourceTree = "<group>"; };
		3087366185278CFA1A8CFC2F /* PointCloudSceneBuilder.swift */ = {isa = PBXFileReference; lastKnownFileType = sourcecode.swift; path = PointCloudSceneBuilder.swift; sourceTree = "<group>"; };
		34AE4C0762D200DD69246C0C /* ModelStudioEngine.swift */ = {isa = PBXFileReference; lastKnownFileType = sourcecode.swift; path = ModelStudioEngine.swift; sourceTree = "<group>"; };
		37BA39A634069FFEA6DC49BE /* SurfaceMaskTests.swift */ = {isa = PBXFileReference; lastKnownFileType = sourcecode.swift; path = SurfaceMaskTests.swift; sourceTree = "<group>"; };
		3859F865BDB99C27E91C49D2 /* ViewDirectionRecoveryTests.swift */ = {isa = PBXFileReference; lastKnownFileType = sourcecode.swift; path = ViewDirectionRecoveryTests.swift; sourceTree = "<group>"; };
		39760F13220E422CDE7480C4 /* MeshOptimizer.swift */ = {isa = PBXFileReference; lastKnownFileType = sourcecode.swift; path = MeshOptimizer.swift; sourceTree = "<group>"; };
		3AE86F5C4423E4AAC8CED66F /* MetalContext.swift */ = {isa = PBXFileReference; lastKnownFileType = sourcecode.swift; path = MetalContext.swift; sourceTree = "<group>"; };
		3B46489DB0D4501093DDB0E1 /* MeasureOverlayRenderer.swift */ = {isa = PBXFileReference; lastKnownFileType = sourcecode.swift; path = MeasureOverlayRenderer.swift; sourceTree = "<group>"; };
		3B80A3CC857E3D1DBC13CD95 /* GuidedObjectCapture.swift */ = {isa = PBXFileReference; lastKnownFileType = sourcecode.swift; path = GuidedObjectCapture.swift; sourceTree = "<group>"; };
		3E35E1B93E5B5691CF9805DB /* RoomPlanScan.swift */ = {isa = PBXFileReference; lastKnownFileType = sourcecode.swift; path = RoomPlanScan.swift; sourceTree = "<group>"; };
		4036AE53900C9B1B913693EE /* ScanAutoSave.swift */ = {isa = PBXFileReference; lastKnownFileType = sourcecode.swift; path = ScanAutoSave.swift; sourceTree = "<group>"; };
		4063F4C2FBB37FCD6BEDE7A5 /* StudioObject.swift */ = {isa = PBXFileReference; lastKnownFileType = sourcecode.swift; path = StudioObject.swift; sourceTree = "<group>"; };
		40EFD06088C2EE4D813A1314 /* SensorInfo.swift */ = {isa = PBXFileReference; lastKnownFileType = sourcecode.swift; path = SensorInfo.swift; sourceTree = "<group>"; };
		41DD9DB463ED84076B7D8653 /* DepthEffect.swift */ = {isa = PBXFileReference; lastKnownFileType = sourcecode.swift; path = DepthEffect.swift; sourceTree = "<group>"; };
		43AB3C7893C2C6B3F183F461 /* PointCloudDenoiser.swift */ = {isa = PBXFileReference; lastKnownFileType = sourcecode.swift; path = PointCloudDenoiser.swift; sourceTree = "<group>"; };
		465369371FF51D1A89CF58EA /* PointCloud.swift */ = {isa = PBXFileReference; lastKnownFileType = sourcecode.swift; path = PointCloud.swift; sourceTree = "<group>"; };
		46D766DAF03515189C9D9D7C /* ObjectDetection.swift */ = {isa = PBXFileReference; lastKnownFileType = sourcecode.swift; path = ObjectDetection.swift; sourceTree = "<group>"; };
		4B610A011EFF92426691BF19 /* DepthSampler.swift */ = {isa = PBXFileReference; lastKnownFileType = sourcecode.swift; path = DepthSampler.swift; sourceTree = "<group>"; };
		4B65B6C1A3AB3A405071191F /* ModelStudioRenderer.swift */ = {isa = PBXFileReference; lastKnownFileType = sourcecode.swift; path = ModelStudioRenderer.swift; sourceTree = "<group>"; };
		4C773AF6E37ECDA09A0CB00E /* CapabilitiesView.swift */ = {isa = PBXFileReference; lastKnownFileType = sourcecode.swift; path = CapabilitiesView.swift; sourceTree = "<group>"; };
		4E85A8F43EFFC125D2DD00FE /* ShaderTypes.h */ = {isa = PBXFileReference; lastKnownFileType = sourcecode.c.h; path = ShaderTypes.h; sourceTree = "<group>"; };
		4EB6B06A14664B4F23A78AE2 /* MeshClassification.swift */ = {isa = PBXFileReference; lastKnownFileType = sourcecode.swift; path = MeshClassification.swift; sourceTree = "<group>"; };
		519C4E3A985646086E213DFD /* PointCloudExporter.swift */ = {isa = PBXFileReference; lastKnownFileType = sourcecode.swift; path = PointCloudExporter.swift; sourceTree = "<group>"; };
		55166ABBE51124B3FFADC7E0 /* GPUTextureBaker.swift */ = {isa = PBXFileReference; lastKnownFileType = sourcecode.swift; path = GPUTextureBaker.swift; sourceTree = "<group>"; };
		5516DB67A7AF95CC398564C8 /* ARViewerView.swift */ = {isa = PBXFileReference; lastKnownFileType = sourcecode.swift; path = ARViewerView.swift; sourceTree = "<group>"; };
		563EA75FDF0CD24697DCBCDB /* StudioStageTests.swift */ = {isa = PBXFileReference; lastKnownFileType = sourcecode.swift; path = StudioStageTests.swift; sourceTree = "<group>"; };
		59EFAD4C86A342D836FA0401 /* PointCloudAdaptiveDensity.swift */ = {isa = PBXFileReference; lastKnownFileType = sourcecode.swift; path = PointCloudAdaptiveDensity.swift; sourceTree = "<group>"; };
		5A010813F546472ECD5176AA /* StageStore.swift */ = {isa = PBXFileReference; lastKnownFileType = sourcecode.swift; path = StageStore.swift; sourceTree = "<group>"; };
		5D94785BB30B9D9F070EFD5F /* PointCloudSampler.swift */ = {isa = PBXFileReference; lastKnownFileType = sourcecode.swift; path = PointCloudSampler.swift; sourceTree = "<group>"; };
		6137831C186ACAA9A9FF98BD /* CameraImageOrientation.swift */ = {isa = PBXFileReference; lastKnownFileType = sourcecode.swift; path = CameraImageOrientation.swift; sourceTree = "<group>"; };
		632B2E2EAE1721E0B6F551CA /* StudioAutoSave.swift */ = {isa = PBXFileReference; lastKnownFileType = sourcecode.swift; path = StudioAutoSave.swift; sourceTree = "<group>"; };
		639CDD1AD81DBB16CF64ABFF /* MagicCamera.app */ = {isa = PBXFileReference; explicitFileType = wrapper.application; includeInIndex = 0; path = MagicCamera.app; sourceTree = BUILT_PRODUCTS_DIR; };
		63F0769B58B4FE2F8A63B236 /* StudioPrimitives.swift */ = {isa = PBXFileReference; lastKnownFileType = sourcecode.swift; path = StudioPrimitives.swift; sourceTree = "<group>"; };
		6509682788F948D124988FC5 /* MeshHoleFillerTests.swift */ = {isa = PBXFileReference; lastKnownFileType = sourcecode.swift; path = MeshHoleFillerTests.swift; sourceTree = "<group>"; };
		65DE01E4B06A2BB14A4378F5 /* VisionGeometryTests.swift */ = {isa = PBXFileReference; lastKnownFileType = sourcecode.swift; path = VisionGeometryTests.swift; sourceTree = "<group>"; };
		6605EEAD2F84E5C8D519062C /* StudioPrimitiveTests.swift */ = {isa = PBXFileReference; lastKnownFileType = sourcecode.swift; path = StudioPrimitiveTests.swift; sourceTree = "<group>"; };
		667D6C70A04E38E8A9CD0E2C /* MeshBoolean.swift */ = {isa = PBXFileReference; lastKnownFileType = sourcecode.swift; path = MeshBoolean.swift; sourceTree = "<group>"; };
		66922669CA7FFE0A94D3797F /* ICPRegistration.swift */ = {isa = PBXFileReference; lastKnownFileType = sourcecode.swift; path = ICPRegistration.swift; sourceTree = "<group>"; };
		694990EC6B20F13A3B34769B /* ScanIntelligence.swift */ = {isa = PBXFileReference; lastKnownFileType = sourcecode.swift; path = ScanIntelligence.swift; sourceTree = "<group>"; };
		696F2C96B987C20EEA366075 /* SettingsView.swift */ = {isa = PBXFileReference; lastKnownFileType = sourcecode.swift; path = SettingsView.swift; sourceTree = "<group>"; };
		6D5E04959BA7AD89B0614F8C /* SubjectCutout.swift */ = {isa = PBXFileReference; lastKnownFileType = sourcecode.swift; path = SubjectCutout.swift; sourceTree = "<group>"; };
		6DEEB92662D8D90B83396699 /* SpatialScanViewModel+Editing.swift */ = {isa = PBXFileReference; lastKnownFileType = sourcecode.swift; path = "SpatialScanViewModel+Editing.swift"; sourceTree = "<group>"; };
		6E0216907F590E5EC4A465A4 /* FileStore.swift */ = {isa = PBXFileReference; lastKnownFileType = sourcecode.swift; path = FileStore.swift; sourceTree = "<group>"; };
		6FBBE6E0113D30DF86CB10E1 /* ScanCompute.metal */ = {isa = PBXFileReference; lastKnownFileType = sourcecode.metal; path = ScanCompute.metal; sourceTree = "<group>"; };
		717F8BAFE02A008628120A27 /* ScanLibrary.swift */ = {isa = PBXFileReference; lastKnownFileType = sourcecode.swift; path = ScanLibrary.swift; sourceTree = "<group>"; };
		721834427CADAAADE5345841 /* MeshDecimator.swift */ = {isa = PBXFileReference; lastKnownFileType = sourcecode.swift; path = MeshDecimator.swift; sourceTree = "<group>"; };
		77935C1FE62F802A089BB872 /* Math+Matrix.swift */ = {isa = PBXFileReference; lastKnownFileType = sourcecode.swift; path = "Math+Matrix.swift"; sourceTree = "<group>"; };
		77D95AB8A2A05F9EA20733D7 /* FloorPlanView.swift */ = {isa = PBXFileReference; lastKnownFileType = sourcecode.swift; path = FloorPlanView.swift; sourceTree = "<group>"; };
		795DA6CA37511EF69D510A08 /* MeshExporter.swift */ = {isa = PBXFileReference; lastKnownFileType = sourcecode.swift; path = MeshExporter.swift; sourceTree = "<group>"; };
		7B3B80CFF27E9440E13349A9 /* SegmenterAndBakerTests.swift */ = {isa = PBXFileReference; lastKnownFileType = sourcecode.swift; path = SegmenterAndBakerTests.swift; sourceTree = "<group>"; };
		7DE8670C6EE0B71D5D0C82F9 /* AppSettings.swift */ = {isa = PBXFileReference; lastKnownFileType = sourcecode.swift; path = AppSettings.swift; sourceTree = "<group>"; };
		7F7511387CD8BDAFA5FAE007 /* KeyframeSubjectFilter.swift */ = {isa = PBXFileReference; lastKnownFileType = sourcecode.swift; path = KeyframeSubjectFilter.swift; sourceTree = "<group>"; };
		817EBD106E335EE1F2E8C147 /* QualityAndDensityTests.swift */ = {isa = PBXFileReference; lastKnownFileType = sourcecode.swift; path = QualityAndDensityTests.swift; sourceTree = "<group>"; };
		8222FBF598CB358D9E31E8CD /* Thumbnails.swift */ = {isa = PBXFileReference; lastKnownFileType = sourcecode.swift; path = Thumbnails.swift; sourceTree = "<group>"; };
		83593685C0718F4D11AA2213 /* VisionGeometry.swift */ = {isa = PBXFileReference; lastKnownFileType = sourcecode.swift; path = VisionGeometry.swift; sourceTree = "<group>"; };
		85EA103F30F224E44CF9802D /* SpatialScanViewModel.swift */ = {isa = PBXFileReference; lastKnownFileType = sourcecode.swift; path = SpatialScanViewModel.swift; sourceTree = "<group>"; };
		8730DDD93AD3DCF1DC32E798 /* PointCloudSegmenter.swift */ = {isa = PBXFileReference; lastKnownFileType = sourcecode.swift; path = PointCloudSegmenter.swift; sourceTree = "<group>"; };
		87A2919449DA3AED15787112 /* MeshTextureBaker.swift */ = {isa = PBXFileReference; lastKnownFileType = sourcecode.swift; path = MeshTextureBaker.swift; sourceTree = "<group>"; };
		8DF4F23EC3513ADD8721A83F /* PointCloudExporterTests.swift */ = {isa = PBXFileReference; lastKnownFileType = sourcecode.swift; path = PointCloudExporterTests.swift; sourceTree = "<group>"; };
		8E3F17DA274A51EA9D8575B2 /* ModelStudioBaker.swift */ = {isa = PBXFileReference; lastKnownFileType = sourcecode.swift; path = ModelStudioBaker.swift; sourceTree = "<group>"; };
		8E7EFB9657D415742D8208F7 /* ScanARView.swift */ = {isa = PBXFileReference; lastKnownFileType = sourcecode.swift; path = ScanARView.swift; sourceTree = "<group>"; };
		913290ED1C7E3429F32D567F /* PointCloudTests.swift */ = {isa = PBXFileReference; lastKnownFileType = sourcecode.swift; path = PointCloudTests.swift; sourceTree = "<group>"; };
		91473CE77076A9BB1936047C /* Theme.swift */ = {isa = PBXFileReference; lastKnownFileType = sourcecode.swift; path = Theme.swift; sourceTree = "<group>"; };
		91E4369B1264A0F0413CE8E7 /* RGBDExporter.swift */ = {isa = PBXFileReference; lastKnownFileType = sourcecode.swift; path = RGBDExporter.swift; sourceTree = "<group>"; };
		933476556885FC4818D7CC03 /* ScanKeyframe.swift */ = {isa = PBXFileReference; lastKnownFileType = sourcecode.swift; path = ScanKeyframe.swift; sourceTree = "<group>"; };
		95E28D541F7C0F0888156648 /* ScanFavorites.swift */ = {isa = PBXFileReference; lastKnownFileType = sourcecode.swift; path = ScanFavorites.swift; sourceTree = "<group>"; };
		97D168F71D9B7567EEC27985 /* PointCloudMetalRenderer.swift */ = {isa = PBXFileReference; lastKnownFileType = sourcecode.swift; path = PointCloudMetalRenderer.swift; sourceTree = "<group>"; };
		985CDE474E2284BC678CF27E /* MetalDepthView.swift */ = {isa = PBXFileReference; lastKnownFileType = sourcecode.swift; path = MetalDepthView.swift; sourceTree = "<group>"; };
		99658214DB2D94EDEF1F79FB /* SubjectMasker.swift */ = {isa = PBXFileReference; lastKnownFileType = sourcecode.swift; path = SubjectMasker.swift; sourceTree = "<group>"; };
		9AC87B7528276A7827D3FFD2 /* MeshViewer.swift */ = {isa = PBXFileReference; lastKnownFileType = sourcecode.swift; path = MeshViewer.swift; sourceTree = "<group>"; };
		9AE2D5B7550BA0E840DFCAE9 /* RoomCombinedView.swift */ = {isa = PBXFileReference; lastKnownFileType = sourcecode.swift; path = RoomCombinedView.swift; sourceTree = "<group>"; };
		9B752F356CA201C258AE4E09 /* WebViewerExporter.swift */ = {isa = PBXFileReference; lastKnownFileType = sourcecode.swift; path = WebViewerExporter.swift; sourceTree = "<group>"; };
		9DE64D1B3F2BBF78CA732D6B /* CaptureQuality.swift */ = {isa = PBXFileReference; lastKnownFileType = sourcecode.swift; path = CaptureQuality.swift; sourceTree = "<group>"; };
		A2B33DF05DFD1910827FBABE /* AppShortcuts.swift */ = {isa = PBXFileReference; lastKnownFileType = sourcecode.swift; path = AppShortcuts.swift; sourceTree = "<group>"; };
		A3204D47276982EB29C5C63A /* MagicCameraTests.xctest */ = {isa = PBXFileReference; explicitFileType = wrapper.cfbundle; includeInIndex = 0; path = MagicCameraTests.xctest; sourceTree = BUILT_PRODUCTS_DIR; };
		A45AE92B4FBE7472510C4E21 /* PointCloudTypes.h */ = {isa = PBXFileReference; lastKnownFileType = sourcecode.c.h; path = PointCloudTypes.h; sourceTree = "<group>"; };
		A4611C36D33823377026E50B /* BallPivotingMesher.swift */ = {isa = PBXFileReference; lastKnownFileType = sourcecode.swift; path = BallPivotingMesher.swift; sourceTree = "<group>"; };
		A617787FDA0F9288274C7711 /* MagicCameraApp.swift */ = {isa = PBXFileReference; lastKnownFileType = sourcecode.swift; path = MagicCameraApp.swift; sourceTree = "<group>"; };
		A835D9FDFAEEA21B5BDD3050 /* MetalTextureFactory.swift */ = {isa = PBXFileReference; lastKnownFileType = sourcecode.swift; path = MetalTextureFactory.swift; sourceTree = "<group>"; };
		AB3D481CEAA374EB41B92B6C /* RootView.swift */ = {isa = PBXFileReference; lastKnownFileType = sourcecode.swift; path = RootView.swift; sourceTree = "<group>"; };
		AC75141533BB9E9BA776BC96 /* CapturedRoomMesh.swift */ = {isa = PBXFileReference; lastKnownFileType = sourcecode.swift; path = CapturedRoomMesh.swift; sourceTree = "<group>"; };
		ADC226303F1A6D15597F1605 /* DepthEngine.swift */ = {isa = PBXFileReference; lastKnownFileType = sourcecode.swift; path = DepthEngine.swift; sourceTree = "<group>"; };
		AE834AD3DA9D5DE0F5A6758E /* ARQuickLookView.swift */ = {isa = PBXFileReference; lastKnownFileType = sourcecode.swift; path = ARQuickLookView.swift; sourceTree = "<group>"; };
		AE96C7A739EC4FC989D12466 /* ModelStudioView.swift */ = {isa = PBXFileReference; lastKnownFileType = sourcecode.swift; path = ModelStudioView.swift; sourceTree = "<group>"; };
		B33C1811343505299ADA5732 /* MeshGLBExporter.swift */ = {isa = PBXFileReference; lastKnownFileType = sourcecode.swift; path = MeshGLBExporter.swift; sourceTree = "<group>"; };
		B4D41660DE2356CD0E1FDC42 /* Concurrency.swift */ = {isa = PBXFileReference; lastKnownFileType = sourcecode.swift; path = Concurrency.swift; sourceTree = "<group>"; };
		B79A739B274F479D1A7EBF38 /* PointCloud.metal */ = {isa = PBXFileReference; lastKnownFileType = sourcecode.metal; path = PointCloud.metal; sourceTree = "<group>"; };
		B8FE874FDCD461092C933924 /* USDZMeshImporter.swift */ = {isa = PBXFileReference; lastKnownFileType = sourcecode.swift; path = USDZMeshImporter.swift; sourceTree = "<group>"; };
		BA78B0D0F253B4F9814A02ED /* VideoRecorder.swift */ = {isa = PBXFileReference; lastKnownFileType = sourcecode.swift; path = VideoRecorder.swift; sourceTree = "<group>"; };
		BCADE92CBB09E6026519950F /* SpatialScanViewModel+Intelligence.swift */ = {isa = PBXFileReference; lastKnownFileType = sourcecode.swift; path = "SpatialScanViewModel+Intelligence.swift"; sourceTree = "<group>"; };
		BD99F40B8374556B493B9A6B /* UnsupportedView.swift */ = {isa = PBXFileReference; lastKnownFileType = sourcecode.swift; path = UnsupportedView.swift; sourceTree = "<group>"; };
		BE082923456131BFCEEE8F47 /* SpatialScanView.swift */ = {isa = PBXFileReference; lastKnownFileType = sourcecode.swift; path = SpatialScanView.swift; sourceTree = "<group>"; };
		C24D5368625DEC142FE4891E /* MeshSceneBuilder.swift */ = {isa = PBXFileReference; lastKnownFileType = sourcecode.swift; path = MeshSceneBuilder.swift; sourceTree = "<group>"; };
		C48F44489B0B4202398106C0 /* DimensionExporter.swift */ = {isa = PBXFileReference; lastKnownFileType = sourcecode.swift; path = DimensionExporter.swift; sourceTree = "<group>"; };
		C729E1D21049BA954EAB836F /* ObjectCaptureEntry.swift */ = {isa = PBXFileReference; lastKnownFileType = sourcecode.swift; path = ObjectCaptureEntry.swift; sourceTree = "<group>"; };
		C7856957E5796454447A9FDB /* SmoothSurfaceReconstructor.swift */ = {isa = PBXFileReference; lastKnownFileType = sourcecode.swift; path = SmoothSurfaceReconstructor.swift; sourceTree = "<group>"; };
		C7B15F0BEA806B3C54453D37 /* ScanGalleryView.swift */ = {isa = PBXFileReference; lastKnownFileType = sourcecode.swift; path = ScanGalleryView.swift; sourceTree = "<group>"; };
		CA2110D6CEA22BDBF7AFC965 /* FloorPlanBuilder.swift */ = {isa = PBXFileReference; lastKnownFileType = sourcecode.swift; path = FloorPlanBuilder.swift; sourceTree = "<group>"; };
		D06920F2AFE9360A58D85575 /* LiveDepthCameraView.swift */ = {isa = PBXFileReference; lastKnownFileType = sourcecode.swift; path = LiveDepthCameraView.swift; sourceTree = "<group>"; };
		D2B63D2E106DBDE6BF63C848 /* ShareSheet.swift */ = {isa = PBXFileReference; lastKnownFileType = sourcecode.swift; path = ShareSheet.swift; sourceTree = "<group>"; };
		D81A7B53F2371BCD4F0CE98D /* ObjectDetector.swift */ = {isa = PBXFileReference; lastKnownFileType = sourcecode.swift; path = ObjectDetector.swift; sourceTree = "<group>"; };
		D90509258EFEC61ABF9AD199 /* Controls.swift */ = {isa = PBXFileReference; lastKnownFileType = sourcecode.swift; path = Controls.swift; sourceTree = "<group>"; };
		DABABCA50B1DE4B291534C3C /* PointCloudUSDZExporter.swift */ = {isa = PBXFileReference; lastKnownFileType = sourcecode.swift; path = PointCloudUSDZExporter.swift; sourceTree = "<group>"; };
		DB2387B81AA6EB7189D17856 /* PhotoLook.swift */ = {isa = PBXFileReference; lastKnownFileType = sourcecode.swift; path = PhotoLook.swift; sourceTree = "<group>"; };
		DCFE549D7D84509A70E8B4DC /* TextureAtlas.swift */ = {isa = PBXFileReference; lastKnownFileType = sourcecode.swift; path = TextureAtlas.swift; sourceTree = "<group>"; };
		E2962B0619BB439787A8DBB7 /* ScanComputeTypes.h */ = {isa = PBXFileReference; lastKnownFileType = sourcecode.c.h; path = ScanComputeTypes.h; sourceTree = "<group>"; };
		E5537CCF6414AE2E1DD6C40D /* MeshHoleFiller.swift */ = {isa = PBXFileReference; lastKnownFileType = sourcecode.swift; path = MeshHoleFiller.swift; sourceTree = "<group>"; };
		E6305EDCFA5C2A9106A16FEF /* WebViewerRuntime.js */ = {isa = PBXFileReference; lastKnownFileType = sourcecode.javascript; path = WebViewerRuntime.js; sourceTree = "<group>"; };
		E635E45828AD413ADE6EAE98 /* ScanComputeUnprojector.swift */ = {isa = PBXFileReference; lastKnownFileType = sourcecode.swift; path = ScanComputeUnprojector.swift; sourceTree = "<group>"; };
		E81A2015CD9B13FBFF333DC4 /* MeshGLBExporterTests.swift */ = {isa = PBXFileReference; lastKnownFileType = sourcecode.swift; path = MeshGLBExporterTests.swift; sourceTree = "<group>"; };
		E841D31096645912B391009D /* SpatialScanViewModel+Export.swift */ = {isa = PBXFileReference; lastKnownFileType = sourcecode.swift; path = "SpatialScanViewModel+Export.swift"; sourceTree = "<group>"; };
		E8F9E8C5C1207C2B4F9D0538 /* LiveDepthCameraViewModel.swift */ = {isa = PBXFileReference; lastKnownFileType = sourcecode.swift; path = LiveDepthCameraViewModel.swift; sourceTree = "<group>"; };
		E94121AE9A32FC4B7E1824C9 /* WiggleVideoBuilder.swift */ = {isa = PBXFileReference; lastKnownFileType = sourcecode.swift; path = WiggleVideoBuilder.swift; sourceTree = "<group>"; };
		EEE03EF0FC2F3D1C3B8CAD77 /* PhotoTextureBaker.swift */ = {isa = PBXFileReference; lastKnownFileType = sourcecode.swift; path = PhotoTextureBaker.swift; sourceTree = "<group>"; };
		EFEE5BF3A8EBFE59B0F91782 /* ScanRecorder.swift */ = {isa = PBXFileReference; lastKnownFileType = sourcecode.swift; path = ScanRecorder.swift; sourceTree = "<group>"; };
		F0E6AF13CC6C0AA0697D64EB /* Assets.xcassets */ = {isa = PBXFileReference; lastKnownFileType = folder.assetcatalog; path = Assets.xcassets; sourceTree = "<group>"; };
		F13A27AEC07BD50AC01ED21F /* OrbitCamera.swift */ = {isa = PBXFileReference; lastKnownFileType = sourcecode.swift; path = OrbitCamera.swift; sourceTree = "<group>"; };
		F28DB0136AACA5472E126C34 /* GPUPointProcessor.swift */ = {isa = PBXFileReference; lastKnownFileType = sourcecode.swift; path = GPUPointProcessor.swift; sourceTree = "<group>"; };
		F2ABCB84CA6F74E19DF208E3 /* ArcballCamera.swift */ = {isa = PBXFileReference; lastKnownFileType = sourcecode.swift; path = ArcballCamera.swift; sourceTree = "<group>"; };
		F4CE1D9FD740AA101FDE5D73 /* StudioLine.swift */ = {isa = PBXFileReference; lastKnownFileType = sourcecode.swift; path = StudioLine.swift; sourceTree = "<group>"; };
		F4D5B06872670CC14E4BA9CF /* ScanStore.swift */ = {isa = PBXFileReference; lastKnownFileType = sourcecode.swift; path = ScanStore.swift; sourceTree = "<group>"; };
		FA733FF5E9D0BA7A5FC8D86C /* ScanStoreTests.swift */ = {isa = PBXFileReference; lastKnownFileType = sourcecode.swift; path = ScanStoreTests.swift; sourceTree = "<group>"; };
		FBC41E4CDFB1ACE67A105705 /* Diagnostics.swift */ = {isa = PBXFileReference; lastKnownFileType = sourcecode.swift; path = Diagnostics.swift; sourceTree = "<group>"; };
		FD58FE4AD9A480A1FDAAA90D /* ScanRecorderTests.swift */ = {isa = PBXFileReference; lastKnownFileType = sourcecode.swift; path = ScanRecorderTests.swift; sourceTree = "<group>"; };
		FE4209C7489AB20AF1D4F03D /* MarchingCubes.swift */ = {isa = PBXFileReference; lastKnownFileType = sourcecode.swift; path = MarchingCubes.swift; sourceTree = "<group>"; };
		FF24871B84C9C31DE24AED21 /* Math+Unproject.swift */ = {isa = PBXFileReference; lastKnownFileType = sourcecode.swift; path = "Math+Unproject.swift"; sourceTree = "<group>"; };
		FF62A738138B4CB3D190CFED /* DepthMathTests.swift */ = {isa = PBXFileReference; lastKnownFileType = sourcecode.swift; path = DepthMathTests.swift; sourceTree = "<group>"; };
/* End PBXFileReference section */

/* Begin PBXGroup section */
		00E52ED26D7A23639FDF7F7A /* ObjectCapture */ = {
			isa = PBXGroup;
			children = (
				3B80A3CC857E3D1DBC13CD95 /* GuidedObjectCapture.swift */,
				C729E1D21049BA954EAB836F /* ObjectCaptureEntry.swift */,
			);
			path = ObjectCapture;
			sourceTree = "<group>";
		};
		06B56167D30CE5A146650674 /* Resources */ = {
			isa = PBXGroup;
			children = (
				F0E6AF13CC6C0AA0697D64EB /* Assets.xcassets */,
			);
			path = Resources;
			sourceTree = "<group>";
		};
		0DA322FF05695FB2B18594C5 /* Core */ = {
			isa = PBXGroup;
			children = (
				7DE8670C6EE0B71D5D0C82F9 /* AppSettings.swift */,
				B4D41660DE2356CD0E1FDC42 /* Concurrency.swift */,
				0DBA7E81CEC527186E76630C /* DeviceCapabilities.swift */,
				FBC41E4CDFB1ACE67A105705 /* Diagnostics.swift */,
				6E0216907F590E5EC4A465A4 /* FileStore.swift */,
				01E5952D83898F4B78B10379 /* Haptics.swift */,
				77935C1FE62F802A089BB872 /* Math+Matrix.swift */,
				FF24871B84C9C31DE24AED21 /* Math+Unproject.swift */,
				3AE86F5C4423E4AAC8CED66F /* MetalContext.swift */,
				A835D9FDFAEEA21B5BDD3050 /* MetalTextureFactory.swift */,
			);
			path = Core;
			sourceTree = "<group>";
		};
		134AD52A3F5C11F1CC3E604A /* Resources */ = {
			isa = PBXGroup;
			children = (
				E6305EDCFA5C2A9106A16FEF /* WebViewerRuntime.js */,
			);
			path = Resources;
			sourceTree = "<group>";
		};
		151BF8138A19891FAD80B571 /* Shaders */ = {
			isa = PBXGroup;
			children = (
				0B819ECE23394BE585CF5928 /* Effects.metal */,
				4E85A8F43EFFC125D2DD00FE /* ShaderTypes.h */,
			);
			path = Shaders;
			sourceTree = "<group>";
		};
		1B6A09FCF74C8F76EBDC73E6 /* Studio */ = {
			isa = PBXGroup;
			children = (
				667D6C70A04E38E8A9CD0E2C /* MeshBoolean.swift */,
				8E3F17DA274A51EA9D8575B2 /* ModelStudioBaker.swift */,
				34AE4C0762D200DD69246C0C /* ModelStudioEngine.swift */,
				4B65B6C1A3AB3A405071191F /* ModelStudioRenderer.swift */,
				AE96C7A739EC4FC989D12466 /* ModelStudioView.swift */,
				2C04B22D0767C02F3201CD0F /* ModelStudioViewModel.swift */,
				5A010813F546472ECD5176AA /* StageStore.swift */,
				632B2E2EAE1721E0B6F551CA /* StudioAutoSave.swift */,
				F4CE1D9FD740AA101FDE5D73 /* StudioLine.swift */,
				4063F4C2FBB37FCD6BEDE7A5 /* StudioObject.swift */,
				63F0769B58B4FE2F8A63B236 /* StudioPrimitives.swift */,
			);
			path = Studio;
			sourceTree = "<group>";
		};
		6279ACD2D76BED8F0177A03C /* MagicCamera */ = {
			isa = PBXGroup;
			children = (
				83E6678512D425B75F9061EF /* App */,
				EB32ED99BFADFA3051F25D79 /* Capabilities */,
				0DA322FF05695FB2B18594C5 /* Core */,
				9D96EFA1D3D844DB42BB4025 /* LiveDepth */,
				00E52ED26D7A23639FDF7F7A /* ObjectCapture */,
				06B56167D30CE5A146650674 /* Resources */,
				8AFCBEDAC0D24F89457F99F8 /* RoomPlan */,
				CAADF7540A6F09DEB934BA7C /* SpatialScan */,
				1B6A09FCF74C8F76EBDC73E6 /* Studio */,
				CA7045D1C00DA8EADA29846C /* Support */,
				CD1A26C9AC25D38B25C73501 /* UI */,
			);
			path = MagicCamera;
			sourceTree = "<group>";
		};
		6A4E33B54244C7C513D86419 /* Shaders */ = {
			isa = PBXGroup;
			children = (
				B79A739B274F479D1A7EBF38 /* PointCloud.metal */,
				A45AE92B4FBE7472510C4E21 /* PointCloudTypes.h */,
				6FBBE6E0113D30DF86CB10E1 /* ScanCompute.metal */,
				E2962B0619BB439787A8DBB7 /* ScanComputeTypes.h */,
			);
			path = Shaders;
			sourceTree = "<group>";
		};
		83E6678512D425B75F9061EF /* App */ = {
			isa = PBXGroup;
			children = (
				0901A8A60AEC71432C1F4D1A /* AppRouter.swift */,
				A2B33DF05DFD1910827FBABE /* AppShortcuts.swift */,
				A617787FDA0F9288274C7711 /* MagicCameraApp.swift */,
				AB3D481CEAA374EB41B92B6C /* RootView.swift */,
			);
			path = App;
			sourceTree = "<group>";
		};
		8AFCBEDAC0D24F89457F99F8 /* RoomPlan */ = {
			isa = PBXGroup;
			children = (
				AC75141533BB9E9BA776BC96 /* CapturedRoomMesh.swift */,
				9AE2D5B7550BA0E840DFCAE9 /* RoomCombinedView.swift */,
				3E35E1B93E5B5691CF9805DB /* RoomPlanScan.swift */,
			);
			path = RoomPlan;
			sourceTree = "<group>";
		};
		9C40B915792350EBD5D7DD10 = {
			isa = PBXGroup;
			children = (
				6279ACD2D76BED8F0177A03C /* MagicCamera */,
				FD8308A4436E15BBDBC6CA6F /* Tests */,
				A4C4C9570608715F36B55B6B /* Products */,
			);
			sourceTree = "<group>";
		};
		9D96EFA1D3D844DB42BB4025 /* LiveDepth */ = {
			isa = PBXGroup;
			children = (
				151BF8138A19891FAD80B571 /* Shaders */,
				6137831C186ACAA9A9FF98BD /* CameraImageOrientation.swift */,
				41DD9DB463ED84076B7D8653 /* DepthEffect.swift */,
				ADC226303F1A6D15597F1605 /* DepthEngine.swift */,
				4B610A011EFF92426691BF19 /* DepthSampler.swift */,
				C48F44489B0B4202398106C0 /* DimensionExporter.swift */,
				2BFD11663DFA052A53EB5229 /* EffectRenderer.swift */,
				D06920F2AFE9360A58D85575 /* LiveDepthCameraView.swift */,
				E8F9E8C5C1207C2B4F9D0538 /* LiveDepthCameraViewModel.swift */,
				3B46489DB0D4501093DDB0E1 /* MeasureOverlayRenderer.swift */,
				2C73A7E6BF0D140F1B3226C4 /* MediaSaver.swift */,
				985CDE474E2284BC678CF27E /* MetalDepthView.swift */,
				46D766DAF03515189C9D9D7C /* ObjectDetection.swift */,
				D81A7B53F2371BCD4F0CE98D /* ObjectDetector.swift */,
				DB2387B81AA6EB7189D17856 /* PhotoLook.swift */,
				91E4369B1264A0F0413CE8E7 /* RGBDExporter.swift */,
				6D5E04959BA7AD89B0614F8C /* SubjectCutout.swift */,
				99658214DB2D94EDEF1F79FB /* SubjectMasker.swift */,
				BA78B0D0F253B4F9814A02ED /* VideoRecorder.swift */,
				83593685C0718F4D11AA2213 /* VisionGeometry.swift */,
				E94121AE9A32FC4B7E1824C9 /* WiggleVideoBuilder.swift */,
			);
			path = LiveDepth;
			sourceTree = "<group>";
		};
		A4C4C9570608715F36B55B6B /* Products */ = {
			isa = PBXGroup;
			children = (
				639CDD1AD81DBB16CF64ABFF /* MagicCamera.app */,
				A3204D47276982EB29C5C63A /* MagicCameraTests.xctest */,
			);
			name = Products;
			sourceTree = "<group>";
		};
		C8B0D7D080C4C46E34CF4AD0 /* MagicCameraTests */ = {
			isa = PBXGroup;
			children = (
				FF62A738138B4CB3D190CFED /* DepthMathTests.swift */,
				2252B230692CDC5C4729AEEC /* EffectModelTests.swift */,
				E81A2015CD9B13FBFF333DC4 /* MeshGLBExporterTests.swift */,
				6509682788F948D124988FC5 /* MeshHoleFillerTests.swift */,
				2D89AAA63A09E0EA1C84BC39 /* MeshWeldTests.swift */,
				8DF4F23EC3513ADD8721A83F /* PointCloudExporterTests.swift */,
				913290ED1C7E3429F32D567F /* PointCloudTests.swift */,
				817EBD106E335EE1F2E8C147 /* QualityAndDensityTests.swift */,
				0536F891ED5128F71F4BCDDD /* ReconstructionTests.swift */,
				FD58FE4AD9A480A1FDAAA90D /* ScanRecorderTests.swift */,
				FA733FF5E9D0BA7A5FC8D86C /* ScanStoreTests.swift */,
				7B3B80CFF27E9440E13349A9 /* SegmenterAndBakerTests.swift */,
				6605EEAD2F84E5C8D519062C /* StudioPrimitiveTests.swift */,
				563EA75FDF0CD24697DCBCDB /* StudioStageTests.swift */,
				37BA39A634069FFEA6DC49BE /* SurfaceMaskTests.swift */,
				3859F865BDB99C27E91C49D2 /* ViewDirectionRecoveryTests.swift */,
				65DE01E4B06A2BB14A4378F5 /* VisionGeometryTests.swift */,
			);
			path = MagicCameraTests;
			sourceTree = "<group>";
		};
		CA7045D1C00DA8EADA29846C /* Support */ = {
			isa = PBXGroup;
			children = (
				243F83B455154E496160F598 /* BridgingHeader.h */,
			);
			path = Support;
			sourceTree = "<group>";
		};
		CAADF7540A6F09DEB934BA7C /* SpatialScan */ = {
			isa = PBXGroup;
			children = (
				134AD52A3F5C11F1CC3E604A /* Resources */,
				6A4E33B54244C7C513D86419 /* Shaders */,
				F2ABCB84CA6F74E19DF208E3 /* ArcballCamera.swift */,
				AE834AD3DA9D5DE0F5A6758E /* ARQuickLookView.swift */,
				5516DB67A7AF95CC398564C8 /* ARViewerView.swift */,
				A4611C36D33823377026E50B /* BallPivotingMesher.swift */,
				9DE64D1B3F2BBF78CA732D6B /* CaptureQuality.swift */,
				CA2110D6CEA22BDBF7AFC965 /* FloorPlanBuilder.swift */,
				263FDC094659A5307FB23E1F /* FloorPlanPDFExporter.swift */,
				77D95AB8A2A05F9EA20733D7 /* FloorPlanView.swift */,
				F28DB0136AACA5472E126C34 /* GPUPointProcessor.swift */,
				55166ABBE51124B3FFADC7E0 /* GPUTextureBaker.swift */,
				66922669CA7FFE0A94D3797F /* ICPRegistration.swift */,
				7F7511387CD8BDAFA5FAE007 /* KeyframeSubjectFilter.swift */,
				FE4209C7489AB20AF1D4F03D /* MarchingCubes.swift */,
				4EB6B06A14664B4F23A78AE2 /* MeshClassification.swift */,
				2D79A6B12B8D38C17B3EF355 /* MeshData.swift */,
				721834427CADAAADE5345841 /* MeshDecimator.swift */,
				795DA6CA37511EF69D510A08 /* MeshExporter.swift */,
				B33C1811343505299ADA5732 /* MeshGLBExporter.swift */,
				E5537CCF6414AE2E1DD6C40D /* MeshHoleFiller.swift */,
				39760F13220E422CDE7480C4 /* MeshOptimizer.swift */,
				C24D5368625DEC142FE4891E /* MeshSceneBuilder.swift */,
				21905AC79BA79CB06C13F1B0 /* MeshStore.swift */,
				87A2919449DA3AED15787112 /* MeshTextureBaker.swift */,
				9AC87B7528276A7827D3FFD2 /* MeshViewer.swift */,
				0CFC19240682AD161B3753BC /* MetalPointCloudView.swift */,
				19246BFE42FBE9C99F9FB9AB /* ObjectScanCoach.swift */,
				F13A27AEC07BD50AC01ED21F /* OrbitCamera.swift */,
				0F4735212B39E00A7FAF5BDC /* OrbitCoverageRing.swift */,
				EEE03EF0FC2F3D1C3B8CAD77 /* PhotoTextureBaker.swift */,
				465369371FF51D1A89CF58EA /* PointCloud.swift */,
				59EFAD4C86A342D836FA0401 /* PointCloudAdaptiveDensity.swift */,
				43AB3C7893C2C6B3F183F461 /* PointCloudDenoiser.swift */,
				519C4E3A985646086E213DFD /* PointCloudExporter.swift */,
				0D25F9B9201376F22F995B6F /* PointCloudMesher.swift */,
				97D168F71D9B7567EEC27985 /* PointCloudMetalRenderer.swift */,
				5D94785BB30B9D9F070EFD5F /* PointCloudSampler.swift */,
				3087366185278CFA1A8CFC2F /* PointCloudSceneBuilder.swift */,
				8730DDD93AD3DCF1DC32E798 /* PointCloudSegmenter.swift */,
				DABABCA50B1DE4B291534C3C /* PointCloudUSDZExporter.swift */,
				8E7EFB9657D415742D8208F7 /* ScanARView.swift */,
				4036AE53900C9B1B913693EE /* ScanAutoSave.swift */,
				E635E45828AD413ADE6EAE98 /* ScanComputeUnprojector.swift */,
				95E28D541F7C0F0888156648 /* ScanFavorites.swift */,
				C7B15F0BEA806B3C54453D37 /* ScanGalleryView.swift */,
				694990EC6B20F13A3B34769B /* ScanIntelligence.swift */,
				933476556885FC4818D7CC03 /* ScanKeyframe.swift */,
				717F8BAFE02A008628120A27 /* ScanLibrary.swift */,
				EFEE5BF3A8EBFE59B0F91782 /* ScanRecorder.swift */,
				F4D5B06872670CC14E4BA9CF /* ScanStore.swift */,
				C7856957E5796454447A9FDB /* SmoothSurfaceReconstructor.swift */,
				2B9D523836D31BCA3A3EE8F5 /* SpatialScanReviewTools.swift */,
				BE082923456131BFCEEE8F47 /* SpatialScanView.swift */,
				85EA103F30F224E44CF9802D /* SpatialScanViewModel.swift */,
				6DEEB92662D8D90B83396699 /* SpatialScanViewModel+Editing.swift */,
				E841D31096645912B391009D /* SpatialScanViewModel+Export.swift */,
				BCADE92CBB09E6026519950F /* SpatialScanViewModel+Intelligence.swift */,
				159341B65186CECBA48F6ADC /* SurfaceMask.swift */,
				DCFE549D7D84509A70E8B4DC /* TextureAtlas.swift */,
				17F9713E2AE5AB45C2C77AA2 /* TexturedMeshExporter.swift */,
				29D0255D17C54047E9813EBB /* ThumbnailRenderer.swift */,
				8222FBF598CB358D9E31E8CD /* Thumbnails.swift */,
				2F6B549012709D6651509F57 /* TurntableVideoBuilder.swift */,
				B8FE874FDCD461092C933924 /* USDZMeshImporter.swift */,
				9B752F356CA201C258AE4E09 /* WebViewerExporter.swift */,
			);
			path = SpatialScan;
			sourceTree = "<group>";
		};
		CD1A26C9AC25D38B25C73501 /* UI */ = {
			isa = PBXGroup;
			children = (
				D90509258EFEC61ABF9AD199 /* Controls.swift */,
				696F2C96B987C20EEA366075 /* SettingsView.swift */,
				D2B63D2E106DBDE6BF63C848 /* ShareSheet.swift */,
				91473CE77076A9BB1936047C /* Theme.swift */,
				BD99F40B8374556B493B9A6B /* UnsupportedView.swift */,
			);
			path = UI;
			sourceTree = "<group>";
		};
		EB32ED99BFADFA3051F25D79 /* Capabilities */ = {
			isa = PBXGroup;
			children = (
				4C773AF6E37ECDA09A0CB00E /* CapabilitiesView.swift */,
				40EFD06088C2EE4D813A1314 /* SensorInfo.swift */,
			);
			path = Capabilities;
			sourceTree = "<group>";
		};
		FD8308A4436E15BBDBC6CA6F /* Tests */ = {
			isa = PBXGroup;
			children = (
				C8B0D7D080C4C46E34CF4AD0 /* MagicCameraTests */,
			);
			path = Tests;
			sourceTree = "<group>";
		};
/* End PBXGroup section */

/* Begin PBXNativeTarget section */
		B5B942210D483A21845881A1 /* MagicCameraTests */ = {
			isa = PBXNativeTarget;
			buildConfigurationList = 357E28D74CF697B6B9C68185 /* Build configuration list for PBXNativeTarget "MagicCameraTests" */;
			buildPhases = (
				9DD01A52219FDABD1173DF78 /* Sources */,
			);
			buildRules = (
			);
			dependencies = (
				F871734E09B766E17E5AA264 /* PBXTargetDependency */,
			);
			name = MagicCameraTests;
			packageProductDependencies = (
			);
			productName = MagicCameraTests;
			productReference = A3204D47276982EB29C5C63A /* MagicCameraTests.xctest */;
			productType = "com.apple.product-type.bundle.unit-test";
		};
		D70FC0D14277FD4ED6B1C763 /* MagicCamera */ = {
			isa = PBXNativeTarget;
			buildConfigurationList = 8A2BCC13FD0A82182E51B852 /* Build configuration list for PBXNativeTarget "MagicCamera" */;
			buildPhases = (
				6FBFD42C87AD6171036ADF04 /* Sources */,
				BC9123F099A70D51FAD3DE7A /* Resources */,
			);
			buildRules = (
			);
			dependencies = (
			);
			name = MagicCamera;
			packageProductDependencies = (
			);
			productName = MagicCamera;
			productReference = 639CDD1AD81DBB16CF64ABFF /* MagicCamera.app */;
			productType = "com.apple.product-type.application";
		};
/* End PBXNativeTarget section */

/* Begin PBXProject section */
		6C2AFBDAD6EEF41EE85D9EB6 /* Project object */ = {
			isa = PBXProject;
			attributes = {
				BuildIndependentTargetsInParallel = YES;
				LastUpgradeCheck = 1430;
				TargetAttributes = {
					B5B942210D483A21845881A1 = {
						ProvisioningStyle = Automatic;
					};
					D70FC0D14277FD4ED6B1C763 = {
						ProvisioningStyle = Automatic;
					};
				};
			};
			buildConfigurationList = 71FEDB308D7DDDE82C83D43A /* Build configuration list for PBXProject "MagicCamera" */;
			developmentRegion = en;
			hasScannedForEncodings = 0;
			knownRegions = (
				Base,
				en,
			);
			mainGroup = 9C40B915792350EBD5D7DD10;
			minimizedProjectReferenceProxies = 1;
			preferredProjectObjectVersion = 77;
			productRefGroup = A4C4C9570608715F36B55B6B /* Products */;
			projectDirPath = "";
			projectRoot = "";
			targets = (
				D70FC0D14277FD4ED6B1C763 /* MagicCamera */,
				B5B942210D483A21845881A1 /* MagicCameraTests */,
			);
		};
/* End PBXProject section */

/* Begin PBXResourcesBuildPhase section */
		BC9123F099A70D51FAD3DE7A /* Resources */ = {
			isa = PBXResourcesBuildPhase;
			buildActionMask = 2147483647;
			files = (
				56887B4971658A8CC8DBBA69 /* Assets.xcassets in Resources */,
				538D00AF7CADA13E426A974F /* WebViewerRuntime.js in Resources */,
			);
			runOnlyForDeploymentPostprocessing = 0;
		};
/* End PBXResourcesBuildPhase section */

/* Begin PBXSourcesBuildPhase section */
		6FBFD42C87AD6171036ADF04 /* Sources */ = {
			isa = PBXSourcesBuildPhase;
			buildActionMask = 2147483647;
			files = (
				5875BCFB4AC30A5104FFFD7D /* ARQuickLookView.swift in Sources */,
				6D388934E88FDDFF1877AD12 /* ARViewerView.swift in Sources */,
				25E0B0CDC04745351633A4D3 /* AppRouter.swift in Sources */,
				51B662C28D5D954D99F41D3F /* AppSettings.swift in Sources */,
				B33F8FA32E3E728FFC94C7F7 /* AppShortcuts.swift in Sources */,
				4770E07EDB174167F7B3FE89 /* ArcballCamera.swift in Sources */,
				F4F3E8DB03F168DDD4749A6A /* BallPivotingMesher.swift in Sources */,
				CE731B6BD1ACC48DDE06BF1C /* CameraImageOrientation.swift in Sources */,
				35C2C4610D818FB1CF20F090 /* CapabilitiesView.swift in Sources */,
				9260F6300E1AD8F76440CA04 /* CaptureQuality.swift in Sources */,
				8F000F67E1457B820C8A8A11 /* CapturedRoomMesh.swift in Sources */,
				498F818DBFC55647BAB0C7E9 /* Concurrency.swift in Sources */,
				27C3628F49ABDD5FAFBD88F3 /* Controls.swift in Sources */,
				14B79DE598AF68B1C8ECF1A1 /* DepthEffect.swift in Sources */,
				91C7F8570177B76E163DE114 /* DepthEngine.swift in Sources */,
				BC797AA82C88C7F85D004615 /* DepthSampler.swift in Sources */,
				9F4A180230FDCD69FB1D317A /* DeviceCapabilities.swift in Sources */,
				EFA16AE31621C40532530C57 /* Diagnostics.swift in Sources */,
				728CBED01F2F026A6A289C1F /* DimensionExporter.swift in Sources */,
				05F8FB8A2A91294765C4DC37 /* EffectRenderer.swift in Sources */,
				F178F2C90C265AEF655A258C /* Effects.metal in Sources */,
				AF57D80F3F1DA00C3E21EAD1 /* FileStore.swift in Sources */,
				D98996FA6F757553629A2025 /* FloorPlanBuilder.swift in Sources */,
				A139B782FF2EFB8D9E50BDA3 /* FloorPlanPDFExporter.swift in Sources */,
				EE65F79AE3BAEE1B3A708C7C /* FloorPlanView.swift in Sources */,
				94C9B67300FAD0FB780770F2 /* GPUPointProcessor.swift in Sources */,
				E55EE8005EEC0F15583F9159 /* GPUTextureBaker.swift in Sources */,
				22CD288881326F54DF7EEFCB /* GuidedObjectCapture.swift in Sources */,
				69508C9527808FC5DAE235F2 /* Haptics.swift in Sources */,
				C82EF48DDB997D9407AA57E6 /* ICPRegistration.swift in Sources */,
				6F44CB03F36EC61FE0E98807 /* KeyframeSubjectFilter.swift in Sources */,
				0DC11EA0151BD92BE109DC78 /* LiveDepthCameraView.swift in Sources */,
				5B7EFBF047BF38F4AF52A85E /* LiveDepthCameraViewModel.swift in Sources */,
				59B1D67CF7D8F30EEA4F2E0A /* MagicCameraApp.swift in Sources */,
				E89D1ABD6E6E637BCE400420 /* MarchingCubes.swift in Sources */,
				6C0208DE20137E8038BD6B13 /* Math+Matrix.swift in Sources */,
				8F7AE21AC3E0D4020C123596 /* Math+Unproject.swift in Sources */,
				2926E9372034999417CA7440 /* MeasureOverlayRenderer.swift in Sources */,
				4ABFEC6288B5CEE283394918 /* MediaSaver.swift in Sources */,
				E7D3C947115C6BAE7E198E00 /* MeshBoolean.swift in Sources */,
				114B7494320F51AAAFEFF4D3 /* MeshClassification.swift in Sources */,
				57BC4524C8A74E0B05106F4E /* MeshData.swift in Sources */,
				7E1F8958B3333CD4F7465953 /* MeshDecimator.swift in Sources */,
				7BB07C981344967A4CE2D9A6 /* MeshExporter.swift in Sources */,
				9B40A12C7F5E986897829659 /* MeshGLBExporter.swift in Sources */,
				7A0AB446508A92F90639E9E3 /* MeshHoleFiller.swift in Sources */,
				E6ABCBEE405CBA6E652369AE /* MeshOptimizer.swift in Sources */,
				FD7892B0192CCC796A77D621 /* MeshSceneBuilder.swift in Sources */,
				5DC6C0FEE6B0B7250654C042 /* MeshStore.swift in Sources */,
				87608A6DD067211F0EA5F3B2 /* MeshTextureBaker.swift in Sources */,
				F1CA278A035CC1FD40468EEE /* MeshViewer.swift in Sources */,
				21F81EB31AE3A732AC736C87 /* MetalContext.swift in Sources */,
				AD5688344004B7EE129A1B9C /* MetalDepthView.swift in Sources */,
				371AD370C91AE32329020A74 /* MetalPointCloudView.swift in Sources */,
				AD2C6839E491F921908A2142 /* MetalTextureFactory.swift in Sources */,
				FDB7AF836738EA21AD4061B5 /* ModelStudioBaker.swift in Sources */,
				4ED0253E61BF3844DB76B1D9 /* ModelStudioEngine.swift in Sources */,
				EDD3F0EA9875B569E3DCB607 /* ModelStudioRenderer.swift in Sources */,
				C54BED9C7EE7C149886A910F /* ModelStudioView.swift in Sources */,
				8CE03FA2F802CFF405EE4A7A /* ModelStudioViewModel.swift in Sources */,
				5631743553AF5B0035A05C55 /* ObjectCaptureEntry.swift in Sources */,
				5A5DEDB9130F669F38B8EE65 /* ObjectDetection.swift in Sources */,
				A85B436CA1602D88D3C1318E /* ObjectDetector.swift in Sources */,
				DFBBAC5A58EBCE661DB3C384 /* ObjectScanCoach.swift in Sources */,
				48C0D56BF5F0F8E5F290A241 /* OrbitCamera.swift in Sources */,
				F5E5C61D45054672FA4A2BD4 /* OrbitCoverageRing.swift in Sources */,
				51F368C9026B9ADC1B3ED774 /* PhotoLook.swift in Sources */,
				3F4A5E719FEFA76BEEC46785 /* PhotoTextureBaker.swift in Sources */,
				02A494A868276E3E592F3CA9 /* PointCloud.metal in Sources */,
				E1AB5546D476AC2BD1620B2E /* PointCloud.swift in Sources */,
				015E49FCCDF541EF7BAF2717 /* PointCloudAdaptiveDensity.swift in Sources */,
				2DA0D463619FD809DEEAC8BD /* PointCloudDenoiser.swift in Sources */,
				9FBDA62D504C51D786BF95F9 /* PointCloudExporter.swift in Sources */,
				61D8DBC0D0AF873C33F8D493 /* PointCloudMesher.swift in Sources */,
				EE7FA28C461457769CED7577 /* PointCloudMetalRenderer.swift in Sources */,
				287DB4514EE1A00AC7E8EFFA /* PointCloudSampler.swift in Sources */,
				6CC841C4C0D993B083741FBD /* PointCloudSceneBuilder.swift in Sources */,
				F564485EFC0C4149442DD3CA /* PointCloudSegmenter.swift in Sources */,
				0E00F613A9EC73615C63CCAA /* PointCloudUSDZExporter.swift in Sources */,
				4D7DB84C5308F3F584376190 /* RGBDExporter.swift in Sources */,
				B8AEC6EE7AB43490FE69CEB5 /* RoomCombinedView.swift in Sources */,
				0669EFD7296E49CDAD406497 /* RoomPlanScan.swift in Sources */,
				4955E9A9DD3951A257E2B380 /* RootView.swift in Sources */,
				7123410E2402D201CBA16F3D /* ScanARView.swift in Sources */,
				48E3393B1123B28D27533824 /* ScanAutoSave.swift in Sources */,
				A442DCAC1E3EBFE3CB18E766 /* ScanCompute.metal in Sources */,
				2ECD3BAEB6915AA8E0AC5D1C /* ScanComputeUnprojector.swift in Sources */,
				05A9A1339AE106C19F2830C8 /* ScanFavorites.swift in Sources */,
				D6B081F5C6C7FFE1CF066F14 /* ScanGalleryView.swift in Sources */,
				B2A7B1AF69A7D6040EE0C77B /* ScanIntelligence.swift in Sources */,
				4E2C77444CC875FF42FFC89A /* ScanKeyframe.swift in Sources */,
				3A7F75830B5BFE9E362AB744 /* ScanLibrary.swift in Sources */,
				FFBB9BDE6F17F886AF3FC901 /* ScanRecorder.swift in Sources */,
				2CE540CF74857EE45CC82886 /* ScanStore.swift in Sources */,
				F39EFE08B44BE931AEF6F6CA /* SensorInfo.swift in Sources */,
				28B010ABF76FEE523BACF68C /* SettingsView.swift in Sources */,
				4F8EAB7D9BF7CE1C0641567E /* ShareSheet.swift in Sources */,
				459452FCAEDF2CFFE071AA5E /* SmoothSurfaceReconstructor.swift in Sources */,
				A94E2F1FAEED9988174CA5CF /* SpatialScanReviewTools.swift in Sources */,
				E9441523A04A26AE3C268795 /* SpatialScanView.swift in Sources */,
				FF90EFA69689FE2C78D00F29 /* SpatialScanViewModel+Editing.swift in Sources */,
				E274A09AD17546A45D4886A0 /* SpatialScanViewModel+Export.swift in Sources */,
				02153C84F4F4A1B1716CB464 /* SpatialScanViewModel+Intelligence.swift in Sources */,
				F284221168C956157A1724D1 /* SpatialScanViewModel.swift in Sources */,
				80D399912C1201B91D76E2A8 /* StageStore.swift in Sources */,
				F11F9C900652C127C542DF63 /* StudioAutoSave.swift in Sources */,
				FDF3E62F0C99232D97802B85 /* StudioLine.swift in Sources */,
				0A1E75E52D0DD7575F70747C /* StudioObject.swift in Sources */,
				69EAB54B73E0F34B658C6B70 /* StudioPrimitives.swift in Sources */,
				3CBA61BE82B3F5C3E73C6002 /* SubjectCutout.swift in Sources */,
				46FC5F7098E9AEFD3B826651 /* SubjectMasker.swift in Sources */,
				49850250225C64C57BFC8C1D /* SurfaceMask.swift in Sources */,
				A00841D83C1554D70AE110A7 /* TextureAtlas.swift in Sources */,
				42E75A12650AEAE106061802 /* TexturedMeshExporter.swift in Sources */,
				92C9A145D21E595B9903EC1F /* Theme.swift in Sources */,
				B415507BF9FABC6206A87209 /* ThumbnailRenderer.swift in Sources */,
				9B6558FD47152523231A7F43 /* Thumbnails.swift in Sources */,
				F9FB3986E15B9EA9BBB9940D /* TurntableVideoBuilder.swift in Sources */,
				9A885EEE3823110E2A1E5B03 /* USDZMeshImporter.swift in Sources */,
				F984074FEC63596FB5CCA650 /* UnsupportedView.swift in Sources */,
				EB2DC434B71123C2294C8C94 /* VideoRecorder.swift in Sources */,
				AC388F67A89DF7484F3D9985 /* VisionGeometry.swift in Sources */,
				04176748F791D58900FF40C6 /* WebViewerExporter.swift in Sources */,
				DBFD1F09C6D3D936FD31D118 /* WiggleVideoBuilder.swift in Sources */,
			);
			runOnlyForDeploymentPostprocessing = 0;
		};
		9DD01A52219FDABD1173DF78 /* Sources */ = {
			isa = PBXSourcesBuildPhase;
			buildActionMask = 2147483647;
			files = (
				027165A1251D53F4E423641D /* DepthMathTests.swift in Sources */,
				AC48864F08300CC8624D4999 /* EffectModelTests.swift in Sources */,
				C77B4821B0F259177DF082FE /* MeshGLBExporterTests.swift in Sources */,
				25FFA8137F0D8DBDDDD6298E /* MeshHoleFillerTests.swift in Sources */,
				0A9F055CBF6868A1BFBB6EF0 /* MeshWeldTests.swift in Sources */,
				A923ABF257806AB456A68608 /* PointCloudExporterTests.swift in Sources */,
				F78C6DA45B3CEC5948D55118 /* PointCloudTests.swift in Sources */,
				5EA8A3B46052BBF222C95723 /* QualityAndDensityTests.swift in Sources */,
				AB7087B7FF552C2BCC7671B7 /* ReconstructionTests.swift in Sources */,
				F9FB585258631B86B21AB60E /* ScanRecorderTests.swift in Sources */,
				0C7BB02CF90FE31F4FCAE121 /* ScanStoreTests.swift in Sources */,
				019F9B997E479751D4616734 /* SegmenterAndBakerTests.swift in Sources */,
				68414BCE7825F2CD67CF8F97 /* StudioPrimitiveTests.swift in Sources */,
				1885133A880EAED0468B6E6A /* StudioStageTests.swift in Sources */,
				4255C091776445D669398DC5 /* SurfaceMaskTests.swift in Sources */,
				F92B846C32942F3F395A6FBA /* ViewDirectionRecoveryTests.swift in Sources */,
				0C10A2A10DDB2A8879FFD1F6 /* VisionGeometryTests.swift in Sources */,
			);
			runOnlyForDeploymentPostprocessing = 0;
		};
/* End PBXSourcesBuildPhase section */

/* Begin PBXTargetDependency section */
		F871734E09B766E17E5AA264 /* PBXTargetDependency */ = {
			isa = PBXTargetDependency;
			target = D70FC0D14277FD4ED6B1C763 /* MagicCamera */;
			targetProxy = A1E61B74ABE01CB93CED6D7A /* PBXContainerItemProxy */;
		};
/* End PBXTargetDependency section */

/* Begin XCBuildConfiguration section */
		A2B5AB670A94624C07EB6A01 /* Debug */ = {
			isa = XCBuildConfiguration;
			buildSettings = {
				ASSETCATALOG_COMPILER_APPICON_NAME = AppIcon;
				ASSETCATALOG_COMPILER_GLOBAL_ACCENT_COLOR_NAME = AccentColor;
				CODE_SIGN_IDENTITY = "iPhone Developer";
				DEVELOPMENT_TEAM = 8Y755TXDN8;
				ENABLE_PREVIEWS = YES;
				GENERATE_INFOPLIST_FILE = NO;
				HEADER_SEARCH_PATHS = "$(SRCROOT)/MagicCamera/LiveDepth/Shaders";
				INFOPLIST_FILE = MagicCamera/App/Info.plist;
				LD_RUNPATH_SEARCH_PATHS = (
					"$(inherited)",
					"@executable_path/Frameworks",
				);
				MTL_FAST_MATH = YES;
				PRODUCT_BUNDLE_IDENTIFIER = com.keks.MagicCamera;
				PRODUCT_NAME = MagicCamera;
				SDKROOT = iphoneos;
				SWIFT_OBJC_BRIDGING_HEADER = MagicCamera/Support/BridgingHeader.h;
				TARGETED_DEVICE_FAMILY = "1,2";
			};
			name = Debug;
		};
		A4929769A8261D8256CD847E /* Debug */ = {
			isa = XCBuildConfiguration;
			buildSettings = {
				ALWAYS_SEARCH_USER_PATHS = NO;
				CLANG_ANALYZER_NONNULL = YES;
				CLANG_ANALYZER_NUMBER_OBJECT_CONVERSION = YES_AGGRESSIVE;
				CLANG_CXX_LANGUAGE_STANDARD = "gnu++14";
				CLANG_CXX_LIBRARY = "libc++";
				CLANG_ENABLE_MODULES = YES;
				CLANG_ENABLE_OBJC_ARC = YES;
				CLANG_ENABLE_OBJC_WEAK = YES;
				CLANG_WARN_BLOCK_CAPTURE_AUTORELEASING = YES;
				CLANG_WARN_BOOL_CONVERSION = YES;
				CLANG_WARN_COMMA = YES;
				CLANG_WARN_CONSTANT_CONVERSION = YES;
				CLANG_WARN_DEPRECATED_OBJC_IMPLEMENTATIONS = YES;
				CLANG_WARN_DIRECT_OBJC_ISA_USAGE = YES_ERROR;
				CLANG_WARN_DOCUMENTATION_COMMENTS = YES;
				CLANG_WARN_EMPTY_BODY = YES;
				CLANG_WARN_ENUM_CONVERSION = YES;
				CLANG_WARN_INFINITE_RECURSION = YES;
				CLANG_WARN_INT_CONVERSION = YES;
				CLANG_WARN_NON_LITERAL_NULL_CONVERSION = YES;
				CLANG_WARN_OBJC_IMPLICIT_RETAIN_SELF = YES;
				CLANG_WARN_OBJC_LITERAL_CONVERSION = YES;
				CLANG_WARN_OBJC_ROOT_CLASS = YES_ERROR;
				CLANG_WARN_QUOTED_INCLUDE_IN_FRAMEWORK_HEADER = YES;
				CLANG_WARN_RANGE_LOOP_ANALYSIS = YES;
				CLANG_WARN_STRICT_PROTOTYPES = YES;
				CLANG_WARN_SUSPICIOUS_MOVE = YES;
				CLANG_WARN_UNGUARDED_AVAILABILITY = YES_AGGRESSIVE;
				CLANG_WARN_UNREACHABLE_CODE = YES;
				CLANG_WARN__DUPLICATE_METHOD_MATCH = YES;
				CODE_SIGN_STYLE = Automatic;
				COPY_PHASE_STRIP = NO;
				CURRENT_PROJECT_VERSION = 1;
				DEBUG_INFORMATION_FORMAT = dwarf;
				DEVELOPMENT_TEAM = "";
				ENABLE_STRICT_OBJC_MSGSEND = YES;
				ENABLE_TESTABILITY = YES;
				ENABLE_USER_SCRIPT_SANDBOXING = YES;
				GCC_C_LANGUAGE_STANDARD = gnu11;
				GCC_DYNAMIC_NO_PIC = NO;
				GCC_NO_COMMON_BLOCKS = YES;
				GCC_OPTIMIZATION_LEVEL = 0;
				GCC_PREPROCESSOR_DEFINITIONS = (
					"$(inherited)",
					"DEBUG=1",
				);
				GCC_TREAT_WARNINGS_AS_ERRORS = NO;
				GCC_WARN_64_TO_32_BIT_CONVERSION = YES;
				GCC_WARN_ABOUT_RETURN_TYPE = YES_ERROR;
				GCC_WARN_UNDECLARED_SELECTOR = YES;
				GCC_WARN_UNINITIALIZED_AUTOS = YES_AGGRESSIVE;
				GCC_WARN_UNUSED_FUNCTION = YES;
				GCC_WARN_UNUSED_VARIABLE = YES;
				IPHONEOS_DEPLOYMENT_TARGET = 17.0;
				MARKETING_VERSION = 0.1.0;
				MTL_ENABLE_DEBUG_INFO = INCLUDE_SOURCE;
				MTL_FAST_MATH = YES;
				ONLY_ACTIVE_ARCH = YES;
				PRODUCT_NAME = "$(TARGET_NAME)";
				SDKROOT = iphoneos;
				SWIFT_ACTIVE_COMPILATION_CONDITIONS = DEBUG;
				SWIFT_OPTIMIZATION_LEVEL = "-Onone";
				SWIFT_TREAT_WARNINGS_AS_ERRORS = NO;
				SWIFT_VERSION = 6.0;
				TARGETED_DEVICE_FAMILY = "1,2";
			};
			name = Debug;
		};
		BBBF65FA12BAB7D4220BFD90 /* Release */ = {
			isa = XCBuildConfiguration;
			buildSettings = {
				ALWAYS_SEARCH_USER_PATHS = NO;
				CLANG_ANALYZER_NONNULL = YES;
				CLANG_ANALYZER_NUMBER_OBJECT_CONVERSION = YES_AGGRESSIVE;
				CLANG_CXX_LANGUAGE_STANDARD = "gnu++14";
				CLANG_CXX_LIBRARY = "libc++";
				CLANG_ENABLE_MODULES = YES;
				CLANG_ENABLE_OBJC_ARC = YES;
				CLANG_ENABLE_OBJC_WEAK = YES;
				CLANG_WARN_BLOCK_CAPTURE_AUTORELEASING = YES;
				CLANG_WARN_BOOL_CONVERSION = YES;
				CLANG_WARN_COMMA = YES;
				CLANG_WARN_CONSTANT_CONVERSION = YES;
				CLANG_WARN_DEPRECATED_OBJC_IMPLEMENTATIONS = YES;
				CLANG_WARN_DIRECT_OBJC_ISA_USAGE = YES_ERROR;
				CLANG_WARN_DOCUMENTATION_COMMENTS = YES;
				CLANG_WARN_EMPTY_BODY = YES;
				CLANG_WARN_ENUM_CONVERSION = YES;
				CLANG_WARN_INFINITE_RECURSION = YES;
				CLANG_WARN_INT_CONVERSION = YES;
				CLANG_WARN_NON_LITERAL_NULL_CONVERSION = YES;
				CLANG_WARN_OBJC_IMPLICIT_RETAIN_SELF = YES;
				CLANG_WARN_OBJC_LITERAL_CONVERSION = YES;
				CLANG_WARN_OBJC_ROOT_CLASS = YES_ERROR;
				CLANG_WARN_QUOTED_INCLUDE_IN_FRAMEWORK_HEADER = YES;
				CLANG_WARN_RANGE_LOOP_ANALYSIS = YES;
				CLANG_WARN_STRICT_PROTOTYPES = YES;
				CLANG_WARN_SUSPICIOUS_MOVE = YES;
				CLANG_WARN_UNGUARDED_AVAILABILITY = YES_AGGRESSIVE;
				CLANG_WARN_UNREACHABLE_CODE = YES;
				CLANG_WARN__DUPLICATE_METHOD_MATCH = YES;
				CODE_SIGN_STYLE = Automatic;
				COPY_PHASE_STRIP = NO;
				CURRENT_PROJECT_VERSION = 1;
				DEBUG_INFORMATION_FORMAT = "dwarf-with-dsym";
				DEVELOPMENT_TEAM = "";
				ENABLE_NS_ASSERTIONS = NO;
				ENABLE_STRICT_OBJC_MSGSEND = YES;
				ENABLE_USER_SCRIPT_SANDBOXING = YES;
				GCC_C_LANGUAGE_STANDARD = gnu11;
				GCC_NO_COMMON_BLOCKS = YES;
				GCC_TREAT_WARNINGS_AS_ERRORS = NO;
				GCC_WARN_64_TO_32_BIT_CONVERSION = YES;
				GCC_WARN_ABOUT_RETURN_TYPE = YES_ERROR;
				GCC_WARN_UNDECLARED_SELECTOR = YES;
				GCC_WARN_UNINITIALIZED_AUTOS = YES_AGGRESSIVE;
				GCC_WARN_UNUSED_FUNCTION = YES;
				GCC_WARN_UNUSED_VARIABLE = YES;
				IPHONEOS_DEPLOYMENT_TARGET = 17.0;
				MARKETING_VERSION = 0.1.0;
				MTL_ENABLE_DEBUG_INFO = NO;
				MTL_FAST_MATH = YES;
				PRODUCT_NAME = "$(TARGET_NAME)";
				SDKROOT = iphoneos;
				SWIFT_COMPILATION_MODE = wholemodule;
				SWIFT_OPTIMIZATION_LEVEL = "-O";
				SWIFT_TREAT_WARNINGS_AS_ERRORS = NO;
				SWIFT_VERSION = 6.0;
				TARGETED_DEVICE_FAMILY = "1,2";
			};
			name = Release;
		};
		D02B34DB677738263A7AFEE9 /* Release */ = {
			isa = XCBuildConfiguration;
			buildSettings = {
				BUNDLE_LOADER = "$(TEST_HOST)";
				DEVELOPMENT_TEAM = 8Y755TXDN8;
				GENERATE_INFOPLIST_FILE = YES;
				LD_RUNPATH_SEARCH_PATHS = (
					"$(inherited)",
					"@executable_path/Frameworks",
					"@loader_path/Frameworks",
				);
				PRODUCT_BUNDLE_IDENTIFIER = com.keks.MagicCameraTests;
				SDKROOT = iphoneos;
				TARGETED_DEVICE_FAMILY = "1,2";
				TEST_HOST = "$(BUILT_PRODUCTS_DIR)/MagicCamera.app/MagicCamera";
			};
			name = Release;
		};
		D983832AC7AFB6A474B01318 /* Release */ = {
			isa = XCBuildConfiguration;
			buildSettings = {
				ASSETCATALOG_COMPILER_APPICON_NAME = AppIcon;
				ASSETCATALOG_COMPILER_GLOBAL_ACCENT_COLOR_NAME = AccentColor;
				CODE_SIGN_IDENTITY = "iPhone Developer";
				DEVELOPMENT_TEAM = 8Y755TXDN8;
				ENABLE_PREVIEWS = YES;
				GENERATE_INFOPLIST_FILE = NO;
				HEADER_SEARCH_PATHS = "$(SRCROOT)/MagicCamera/LiveDepth/Shaders";
				INFOPLIST_FILE = MagicCamera/App/Info.plist;
				LD_RUNPATH_SEARCH_PATHS = (
					"$(inherited)",
					"@executable_path/Frameworks",
				);
				MTL_FAST_MATH = YES;
				PRODUCT_BUNDLE_IDENTIFIER = com.keks.MagicCamera;
				PRODUCT_NAME = MagicCamera;
				SDKROOT = iphoneos;
				SWIFT_OBJC_BRIDGING_HEADER = MagicCamera/Support/BridgingHeader.h;
				TARGETED_DEVICE_FAMILY = "1,2";
			};
			name = Release;
		};
		EAB3BDD28225D3DEA3EED154 /* Debug */ = {
			isa = XCBuildConfiguration;
			buildSettings = {
				BUNDLE_LOADER = "$(TEST_HOST)";
				DEVELOPMENT_TEAM = 8Y755TXDN8;
				GENERATE_INFOPLIST_FILE = YES;
				LD_RUNPATH_SEARCH_PATHS = (
					"$(inherited)",
					"@executable_path/Frameworks",
					"@loader_path/Frameworks",
				);
				PRODUCT_BUNDLE_IDENTIFIER = com.keks.MagicCameraTests;
				SDKROOT = iphoneos;
				TARGETED_DEVICE_FAMILY = "1,2";
				TEST_HOST = "$(BUILT_PRODUCTS_DIR)/MagicCamera.app/MagicCamera";
			};
			name = Debug;
		};
/* End XCBuildConfiguration section */

/* Begin XCConfigurationList section */
		357E28D74CF697B6B9C68185 /* Build configuration list for PBXNativeTarget "MagicCameraTests" */ = {
			isa = XCConfigurationList;
			buildConfigurations = (
				EAB3BDD28225D3DEA3EED154 /* Debug */,
				D02B34DB677738263A7AFEE9 /* Release */,
			);
			defaultConfigurationIsVisible = 0;
			defaultConfigurationName = Debug;
		};
		71FEDB308D7DDDE82C83D43A /* Build configuration list for PBXProject "MagicCamera" */ = {
			isa = XCConfigurationList;
			buildConfigurations = (
				A4929769A8261D8256CD847E /* Debug */,
				BBBF65FA12BAB7D4220BFD90 /* Release */,
			);
			defaultConfigurationIsVisible = 0;
			defaultConfigurationName = Debug;
		};
		8A2BCC13FD0A82182E51B852 /* Build configuration list for PBXNativeTarget "MagicCamera" */ = {
			isa = XCConfigurationList;
			buildConfigurations = (
				A2B5AB670A94624C07EB6A01 /* Debug */,
				D983832AC7AFB6A474B01318 /* Release */,
			);
			defaultConfigurationIsVisible = 0;
			defaultConfigurationName = Debug;
		};
/* End XCConfigurationList section */
	};
	rootObject = 6C2AFBDAD6EEF41EE85D9EB6 /* Project object */;
}
